// !$*UTF8*$!
{
	archiveVersion = 1;
	classes = {
	};
	objectVersion = 56;
	objects = {

/* Begin PBXBuildFile section */
		413953352AD8B63C00AF483A /* FormsApp.swift in Sources */ = {isa = PBXBuildFile; fileRef = 413953342AD8B63C00AF483A /* FormsApp.swift */; };
		413953372AD8B63C00AF483A /* ContentView.swift in Sources */ = {isa = PBXBuildFile; fileRef = 413953362AD8B63C00AF483A /* ContentView.swift */; };
		413953392AD8B63E00AF483A /* Assets.xcassets in Resources */ = {isa = PBXBuildFile; fileRef = 413953382AD8B63E00AF483A /* Assets.xcassets */; };
		4139533C2AD8B63E00AF483A /* Preview Assets.xcassets in Resources */ = {isa = PBXBuildFile; fileRef = 4139533B2AD8B63E00AF483A /* Preview Assets.xcassets */; };
		413953432AD8C39700AF483A /* BasicFormDesign.swift in Sources */ = {isa = PBXBuildFile; fileRef = 413953422AD8C39700AF483A /* BasicFormDesign.swift */; };
		413953452AD8C45E00AF483A /* PickersInForms.swift in Sources */ = {isa = PBXBuildFile; fileRef = 413953442AD8C45E00AF483A /* PickersInForms.swift */; };
		413953472AD8C51A00AF483A /* En_Dis_AbleElementsinForms.swift in Sources */ = {isa = PBXBuildFile; fileRef = 413953462AD8C51A00AF483A /* En_Dis_AbleElementsinForms.swift */; };
		413953492AD8C59700AF483A /* ShowHideFormRows.swift in Sources */ = {isa = PBXBuildFile; fileRef = 413953482AD8C59700AF483A /* ShowHideFormRows.swift */; };
		4139534B2AD8C60200AF483A /* AlignTextControlswithLabeledContent.swift in Sources */ = {isa = PBXBuildFile; fileRef = 4139534A2AD8C60200AF483A /* AlignTextControlswithLabeledContent.swift */; };
/* End PBXBuildFile section */

/* Begin PBXFileReference section */
		413953312AD8B63C00AF483A /* Forms.app */ = {isa = PBXFileReference; explicitFileType = wrapper.application; includeInIndex = 0; path = Forms.app; sourceTree = BUILT_PRODUCTS_DIR; };
		413953342AD8B63C00AF483A /* FormsApp.swift */ = {isa = PBXFileReference; lastKnownFileType = sourcecode.swift; path = FormsApp.swift; sourceTree = "<group>"; };
		413953362AD8B63C00AF483A /* ContentView.swift */ = {isa = PBXFileReference; lastKnownFileType = sourcecode.swift; path = ContentView.swift; sourceTree = "<group>"; };
		413953382AD8B63E00AF483A /* Assets.xcassets */ = {isa = PBXFileReference; lastKnownFileType = folder.assetcatalog; path = Assets.xcassets; sourceTree = "<group>"; };
		4139533B2AD8B63E00AF483A /* Preview Assets.xcassets */ = {isa = PBXFileReference; lastKnownFileType = folder.assetcatalog; path = "Preview Assets.xcassets"; sourceTree = "<group>"; };
		413953422AD8C39700AF483A /* BasicFormDesign.swift */ = {isa = PBXFileReference; lastKnownFileType = sourcecode.swift; path = BasicFormDesign.swift; sourceTree = "<group>"; };
		413953442AD8C45E00AF483A /* PickersInForms.swift */ = {isa = PBXFileReference; lastKnownFileType = sourcecode.swift; path = PickersInForms.swift; sourceTree = "<group>"; };
		413953462AD8C51A00AF483A /* En_Dis_AbleElementsinForms.swift */ = {isa = PBXFileReference; lastKnownFileType = sourcecode.swift; path = En_Dis_AbleElementsinForms.swift; sourceTree = "<group>"; };
		413953482AD8C59700AF483A /* ShowHideFormRows.swift */ = {isa = PBXFileReference; lastKnownFileType = sourcecode.swift; path = ShowHideFormRows.swift; sourceTree = "<group>"; };
		4139534A2AD8C60200AF483A /* AlignTextControlswithLabeledContent.swift */ = {isa = PBXFileReference; lastKnownFileType = sourcecode.swift; path = AlignTextControlswithLabeledContent.swift; sourceTree = "<group>"; };
/* End PBXFileReference section */

/* Begin PBXFrameworksBuildPhase section */
		4139532E2AD8B63C00AF483A /* Frameworks */ = {
			isa = PBXFrameworksBuildPhase;
			buildActionMask = 2147483647;
			files = (
			);
			runOnlyForDeploymentPostprocessing = 0;
		};
/* End PBXFrameworksBuildPhase section */

/* Begin PBXGroup section */
		413953282AD8B63C00AF483A = {
			isa = PBXGroup;
			children = (
				413953332AD8B63C00AF483A /* Forms */,
				413953322AD8B63C00AF483A /* Products */,
			);
			sourceTree = "<group>";
		};
		413953322AD8B63C00AF483A /* Products */ = {
			isa = PBXGroup;
			children = (
				413953312AD8B63C00AF483A /* Forms.app */,
			);
			name = Products;
			sourceTree = "<group>";
		};
		413953332AD8B63C00AF483A /* Forms */ = {
			isa = PBXGroup;
			children = (
				413953342AD8B63C00AF483A /* FormsApp.swift */,
				413953362AD8B63C00AF483A /* ContentView.swift */,
				413953422AD8C39700AF483A /* BasicFormDesign.swift */,
				413953442AD8C45E00AF483A /* PickersInForms.swift */,
				413953462AD8C51A00AF483A /* En_Dis_AbleElementsinForms.swift */,
				413953482AD8C59700AF483A /* ShowHideFormRows.swift */,
				4139534A2AD8C60200AF483A /* AlignTextControlswithLabeledContent.swift */,
				413953382AD8B63E00AF483A /* Assets.xcassets */,
				4139533A2AD8B63E00AF483A /* Preview Content */,
			);
			path = Forms;
			sourceTree = "<group>";
		};
		4139533A2AD8B63E00AF483A /* Preview Content */ = {
			isa = PBXGroup;
			children = (
				4139533B2AD8B63E00AF483A /* Preview Assets.xcassets */,
			);
			path = "Preview Content";
			sourceTree = "<group>";
		};
/* End PBXGroup section */

/* Begin PBXNativeTarget section */
		413953302AD8B63C00AF483A /* Forms */ = {
			isa = PBXNativeTarget;
			buildConfigurationList = 4139533F2AD8B63E00AF483A /* Build configuration list for PBXNativeTarget "Forms" */;
			buildPhases = (
				4139532D2AD8B63C00AF483A /* Sources */,
				4139532E2AD8B63C00AF483A /* Frameworks */,
				4139532F2AD8B63C00AF483A /* Resources */,
			);
			buildRules = (
			);
			dependencies = (
			);
			name = Forms;
			productName = Forms;
			productReference = 413953312AD8B63C00AF483A /* Forms.app */;
			productType = "com.apple.product-type.application";
		};
/* End PBXNativeTarget section */

/* Begin PBXProject section */
		413953292AD8B63C00AF483A /* Project object */ = {
			isa = PBXProject;
			attributes = {
				BuildIndependentTargetsInParallel = 1;
				LastSwiftUpdateCheck = 1500;
				LastUpgradeCheck = 1500;
				TargetAttributes = {
					413953302AD8B63C00AF483A = {
						CreatedOnToolsVersion = 15.0;
					};
				};
			};
			buildConfigurationList = 4139532C2AD8B63C00AF483A /* Build configuration list for PBXProject "Forms" */;
			compatibilityVersion = "Xcode 14.0";
			developmentRegion = en;
			hasScannedForEncodings = 0;
			knownRegions = (
				en,
				Base,
			);
			mainGroup = 413953282AD8B63C00AF483A;
			productRefGroup = 413953322AD8B63C00AF483A /* Products */;
			projectDirPath = "";
			projectRoot = "";
			targets = (
				413953302AD8B63C00AF483A /* Forms */,
			);
		};
/* End PBXProject section */

/* Begin PBXResourcesBuildPhase section */
		4139532F2AD8B63C00AF483A /* Resources */ = {
			isa = PBXResourcesBuildPhase;
			buildActionMask = 2147483647;
			files = (
				4139533C2AD8B63E00AF483A /* Preview Assets.xcassets in Resources */,
				413953392AD8B63E00AF483A /* Assets.xcassets in Resources */,
			);
			runOnlyForDeploymentPostprocessing = 0;
		};
/* End PBXResourcesBuildPhase section */

/* Begin PBXSourcesBuildPhase section */
		4139532D2AD8B63C00AF483A /* Sources */ = {
			isa = PBXSourcesBuildPhase;
			buildActionMask = 2147483647;
			files = (
				413953432AD8C39700AF483A /* BasicFormDesign.swift in Sources */,
				413953372AD8B63C00AF483A /* ContentView.swift in Sources */,
				413953452AD8C45E00AF483A /* PickersInForms.swift in Sources */,
				413953492AD8C59700AF483A /* ShowHideFormRows.swift in Sources */,
				413953352AD8B63C00AF483A /* FormsApp.swift in Sources */,
				413953472AD8C51A00AF483A /* En_Dis_AbleElementsinForms.swift in Sources */,
				4139534B2AD8C60200AF483A /* AlignTextControlswithLabeledContent.swift in Sources */,
			);
			runOnlyForDeploymentPostprocessing = 0;
		};
/* End PBXSourcesBuildPhase section */

/* Begin XCBuildConfiguration section */
		4139533D2AD8B63E00AF483A /* Debug */ = {
			isa = XCBuildConfiguration;
			buildSettings = {
				ALWAYS_SEARCH_USER_PATHS = NO;
				ASSETCATALOG_COMPILER_GENERATE_SWIFT_ASSET_SYMBOL_EXTENSIONS = YES;
				CLANG_ANALYZER_NONNULL = YES;
				CLANG_ANALYZER_NUMBER_OBJECT_CONVERSION = YES_AGGRESSIVE;
				CLANG_CXX_LANGUAGE_STANDARD = "gnu++20";
				CLANG_ENABLE_MODULES = YES;
				CLANG_ENABLE_OBJC_ARC = YES;
				CLANG_ENABLE_OBJC_WEAK = YES;
				CLANG_WARN_BLOCK_CAPTURE_AUTORELEASING = YES;
				CLANG_WARN_BOOL_CONVERSION = YES;
				CLANG_WARN_COMMA = YES;
				CLANG_WARN_CONSTANT_CONVERSION = YES;
				CLANG_WARN_DEPRECATED_OBJC_IMPLEMENTATIONS = YES;
				CLANG_WARN_DIRECT_OBJC_ISA_USAGE = YES_ERROR;
				CLANG_WARN_DOCUMENTATION_COMMENTS = YES;
				CLANG_WARN_EMPTY_BODY = YES;
				CLANG_WARN_ENUM_CONVERSION = YES;
				CLANG_WARN_INFINITE_RECURSION = YES;
				CLANG_WARN_INT_CONVERSION = YES;
				CLANG_WARN_NON_LITERAL_NULL_CONVERSION = YES;
				CLANG_WARN_OBJC_IMPLICIT_RETAIN_SELF = YES;
				CLANG_WARN_OBJC_LITERAL_CONVERSION = YES;
				CLANG_WARN_OBJC_ROOT_CLASS = YES_ERROR;
				CLANG_WARN_QUOTED_INCLUDE_IN_FRAMEWORK_HEADER = YES;
				CLANG_WARN_RANGE_LOOP_ANALYSIS = YES;
				CLANG_WARN_STRICT_PROTOTYPES = YES;
				CLANG_WARN_SUSPICIOUS_MOVE = YES;
				CLANG_WARN_UNGUARDED_AVAILABILITY = YES_AGGRESSIVE;
				CLANG_WARN_UNREACHABLE_CODE = YES;
				CLANG_WARN__DUPLICATE_METHOD_MATCH = YES;
				COPY_PHASE_STRIP = NO;
				DEBUG_INFORMATION_FORMAT = dwarf;
				ENABLE_STRICT_OBJC_MSGSEND = YES;
				ENABLE_TESTABILITY = YES;
				ENABLE_USER_SCRIPT_SANDBOXING = YES;
				GCC_C_LANGUAGE_STANDARD = gnu17;
				GCC_DYNAMIC_NO_PIC = NO;
				GCC_NO_COMMON_BLOCKS = YES;
				GCC_OPTIMIZATION_LEVEL = 0;
				GCC_PREPROCESSOR_DEFINITIONS = (
					"DEBUG=1",
					"$(inherited)",
				);
				GCC_WARN_64_TO_32_BIT_CONVERSION = YES;
				GCC_WARN_ABOUT_RETURN_TYPE = YES_ERROR;
				GCC_WARN_UNDECLARED_SELECTOR = YES;
				GCC_WARN_UNINITIALIZED_AUTOS = YES_AGGRESSIVE;
				GCC_WARN_UNUSED_FUNCTION = YES;
				GCC_WARN_UNUSED_VARIABLE = YES;
				IPHONEOS_DEPLOYMENT_TARGET = 17.0;
				LOCALIZATION_PREFERS_STRING_CATALOGS = YES;
				MTL_ENABLE_DEBUG_INFO = INCLUDE_SOURCE;
				MTL_FAST_MATH = YES;
				ONLY_ACTIVE_ARCH = YES;
				SDKROOT = iphoneos;
				SWIFT_ACTIVE_COMPILATION_CONDITIONS = "DEBUG $(inherited)";
				SWIFT_OPTIMIZATION_LEVEL = "-Onone";
			};
			name = Debug;
		};
		4139533E2AD8B63E00AF483A /* Release */ = {
			isa = XCBuildConfiguration;
			buildSettings = {
				ALWAYS_SEARCH_USER_PATHS = NO;
				ASSETCATALOG_COMPILER_GENERATE_SWIFT_ASSET_SYMBOL_EXTENSIONS = YES;
				CLANG_ANALYZER_NONNULL = YES;
				CLANG_ANALYZER_NUMBER_OBJECT_CONVERSION = YES_AGGRESSIVE;
				CLANG_CXX_LANGUAGE_STANDARD = "gnu++20";
				CLANG_ENABLE_MODULES = YES;
				CLANG_ENABLE_OBJC_ARC = YES;
				CLANG_ENABLE_OBJC_WEAK = YES;
				CLANG_WARN_BLOCK_CAPTURE_AUTORELEASING = YES;
				CLANG_WARN_BOOL_CONVERSION = YES;
				CLANG_WARN_COMMA = YES;
				CLANG_WARN_CONSTANT_CONVERSION = YES;
				CLANG_WARN_DEPRECATED_OBJC_IMPLEMENTATIONS = YES;
				CLANG_WARN_DIRECT_OBJC_ISA_USAGE = YES_ERROR;
				CLANG_WARN_DOCUMENTATION_COMMENTS = YES;
				CLANG_WARN_EMPTY_BODY = YES;
				CLANG_WARN_ENUM_CONVERSION = YES;
				CLANG_WARN_INFINITE_RECURSION = YES;
				CLANG_WARN_INT_CONVERSION = YES;
				CLANG_WARN_NON_LITERAL_NULL_CONVERSION = YES;
				CLANG_WARN_OBJC_IMPLICIT_RETAIN_SELF = YES;
				CLANG_WARN_OBJC_LITERAL_CONVERSION = YES;
				CLANG_WARN_OBJC_ROOT_CLASS = YES_ERROR;
				CLANG_WARN_QUOTED_INCLUDE_IN_FRAMEWORK_HEADER = YES;
				CLANG_WARN_RANGE_LOOP_ANALYSIS = YES;
				CLANG_WARN_STRICT_PROTOTYPES = YES;
				CLANG_WARN_SUSPICIOUS_MOVE = YES;
				CLANG_WARN_UNGUARDED_AVAILABILITY = YES_AGGRESSIVE;
				CLANG_WARN_UNREACHABLE_CODE = YES;
				CLANG_WARN__DUPLICATE_METHOD_MATCH = YES;
				COPY_PHASE_STRIP = NO;
				DEBUG_INFORMATION_FORMAT = "dwarf-with-dsym";
				ENABLE_NS_ASSERTIONS = NO;
				ENABLE_STRICT_OBJC_MSGSEND = YES;
				ENABLE_USER_SCRIPT_SANDBOXING = YES;
				GCC_C_LANGUAGE_STANDARD = gnu17;
				GCC_NO_COMMON_BLOCKS = YES;
				GCC_WARN_64_TO_32_BIT_CONVERSION = YES;
				GCC_WARN_ABOUT_RETURN_TYPE = YES_ERROR;
				GCC_WARN_UNDECLARED_SELECTOR = YES;
				GCC_WARN_UNINITIALIZED_AUTOS = YES_AGGRESSIVE;
				GCC_WARN_UNUSED_FUNCTION = YES;
				GCC_WARN_UNUSED_VARIABLE = YES;
				IPHONEOS_DEPLOYMENT_TARGET = 17.0;
				LOCALIZATION_PREFERS_STRING_CATALOGS = YES;
				MTL_ENABLE_DEBUG_INFO = NO;
				MTL_FAST_MATH = YES;
				SDKROOT = iphoneos;
				SWIFT_COMPILATION_MODE = wholemodule;
				VALIDATE_PRODUCT = YES;
			};
			name = Release;
		};
		413953402AD8B63E00AF483A /* Debug */ = {
			isa = XCBuildConfiguration;
			buildSettings = {
				ASSETCATALOG_COMPILER_APPICON_NAME = AppIcon;
				ASSETCATALOG_COMPILER_GLOBAL_ACCENT_COLOR_NAME = AccentColor;
				CODE_SIGN_STYLE = Automatic;
				CURRENT_PROJECT_VERSION = 1;
				DEVELOPMENT_ASSET_PATHS = "\"Forms/Preview Content\"";
				DEVELOPMENT_TEAM = CWCBRR328H;
				ENABLE_PREVIEWS = YES;
				GENERATE_INFOPLIST_FILE = YES;
				INFOPLIST_KEY_UIApplicationSceneManifest_Generation = YES;
				INFOPLIST_KEY_UIApplicationSupportsIndirectInputEvents = YES;
				INFOPLIST_KEY_UILaunchScreen_Generation = YES;
				INFOPLIST_KEY_UISupportedInterfaceOrientations_iPad = "UIInterfaceOrientationPortrait UIInterfaceOrientationPortraitUpsideDown UIInterfaceOrientationLandscapeLeft UIInterfaceOrientationLandscapeRight";
				INFOPLIST_KEY_UISupportedInterfaceOrientations_iPhone = "UIInterfaceOrientationPortrait UIInterfaceOrientationLandscapeLeft UIInterfaceOrientationLandscapeRight";
				LD_RUNPATH_SEARCH_PATHS = (
					"$(inherited)",
					"@executable_path/Frameworks",
				);
				MARKETING_VERSION = 1.0;
				PRODUCT_BUNDLE_IDENTIFIER = BJ914.Forms;
				PRODUCT_NAME = "$(TARGET_NAME)";
				SWIFT_EMIT_LOC_STRINGS = YES;
				SWIFT_VERSION = 5.0;
				TARGETED_DEVICE_FAMILY = "1,2";
			};
			name = Debug;
		};
		413953412AD8B63E00AF483A /* Release */ = {
			isa = XCBuildConfiguration;
			buildSettings = {
				ASSETCATALOG_COMPILER_APPICON_NAME = AppIcon;
				ASSETCATALOG_COMPILER_GLOBAL_ACCENT_COLOR_NAME = AccentColor;
				CODE_SIGN_STYLE = Automatic;
				CURRENT_PROJECT_VERSION = 1;
				DEVELOPMENT_ASSET_PATHS = "\"Forms/Preview Content\"";
				DEVELOPMENT_TEAM = CWCBRR328H;
				ENABLE_PREVIEWS = YES;
				GENERATE_INFOPLIST_FILE = YES;
				INFOPLIST_KEY_UIApplicationSceneManifest_Generation = YES;
				INFOPLIST_KEY_UIApplicationSupportsIndirectInputEvents = YES;
				INFOPLIST_KEY_UILaunchScreen_Generation = YES;
				INFOPLIST_KEY_UISupportedInterfaceOrientations_iPad = "UIInterfaceOrientationPortrait UIInterfaceOrientationPortraitUpsideDown UIInterfaceOrientationLandscapeLeft UIInterfaceOrientationLandscapeRight";
				INFOPLIST_KEY_UISupportedInterfaceOrientations_iPhone = "UIInterfaceOrientationPortrait UIInterfaceOrientationLandscapeLeft UIInterfaceOrientationLandscapeRight";
				LD_RUNPATH_SEARCH_PATHS = (
					"$(inherited)",
					"@executable_path/Frameworks",
				);
				MARKETING_VERSION = 1.0;
				PRODUCT_BUNDLE_IDENTIFIER = BJ914.Forms;
				PRODUCT_NAME = "$(TARGET_NAME)";
				SWIFT_EMIT_LOC_STRINGS = YES;
				SWIFT_VERSION = 5.0;
				TARGETED_DEVICE_FAMILY = "1,2";
			};
			name = Release;
		};
/* End XCBuildConfiguration section */

/* Begin XCConfigurationList section */
		4139532C2AD8B63C00AF483A /* Build configuration list for PBXProject "Forms" */ = {
			isa = XCConfigurationList;
			buildConfigurations = (
				4139533D2AD8B63E00AF483A /* Debug */,
				4139533E2AD8B63E00AF483A /* Release */,
			);
			defaultConfigurationIsVisible = 0;
			defaultConfigurationName = Release;
		};
		4139533F2AD8B63E00AF483A /* Build configuration list for PBXNativeTarget "Forms" */ = {
			isa = XCConfigurationList;
			buildConfigurations = (
				413953402AD8B63E00AF483A /* Debug */,
				413953412AD8B63E00AF483A /* Release */,
			);
			defaultConfigurationIsVisible = 0;
			defaultConfigurationName = Release;
		};
/* End XCConfigurationList section */
	};
	rootObject = 413953292AD8B63C00AF483A /* Project object */;
}
