// !$*UTF8*$!
{
	archiveVersion = 1;
	classes = {
	};
	objectVersion = 56;
	objects = {

/* Begin PBXBuildFile section */
		41F4D5A02AC77DB0007681D0 /* ListsApp.swift in Sources */ = {isa = PBXBuildFile; fileRef = 41F4D59F2AC77DB0007681D0 /* ListsApp.swift */; };
		41F4D5A22AC77DB0007681D0 /* ContentView.swift in Sources */ = {isa = PBXBuildFile; fileRef = 41F4D5A12AC77DB0007681D0 /* ContentView.swift */; };
		41F4D5A42AC77DB1007681D0 /* Assets.xcassets in Resources */ = {isa = PBXBuildFile; fileRef = 41F4D5A32AC77DB1007681D0 /* Assets.xcassets */; };
		41F4D5A72AC77DB1007681D0 /* Preview Assets.xcassets in Resources */ = {isa = PBXBuildFile; fileRef = 41F4D5A62AC77DB1007681D0 /* Preview Assets.xcassets */; };
		41F4D5AE2AC77EEA007681D0 /* ListOfStaticItems.swift in Sources */ = {isa = PBXBuildFile; fileRef = 41F4D5AD2AC77EEA007681D0 /* ListOfStaticItems.swift */; };
		41F4D5B02AC78039007681D0 /* ListOfDynamicItems.swift in Sources */ = {isa = PBXBuildFile; fileRef = 41F4D5AF2AC78039007681D0 /* ListOfDynamicItems.swift */; };
		41F4D5B22AC78319007681D0 /* UsersDeleteRowsFromList.swift in Sources */ = {isa = PBXBuildFile; fileRef = 41F4D5B12AC78319007681D0 /* UsersDeleteRowsFromList.swift */; };
		41F4D5B42AC786E1007681D0 /* UsersMoveRowsInList.swift in Sources */ = {isa = PBXBuildFile; fileRef = 41F4D5B32AC786E1007681D0 /* UsersMoveRowsInList.swift */; };
/* End PBXBuildFile section */

/* Begin PBXFileReference section */
		41F4D59C2AC77DB0007681D0 /* Lists.app */ = {isa = PBXFileReference; explicitFileType = wrapper.application; includeInIndex = 0; path = Lists.app; sourceTree = BUILT_PRODUCTS_DIR; };
		41F4D59F2AC77DB0007681D0 /* ListsApp.swift */ = {isa = PBXFileReference; lastKnownFileType = sourcecode.swift; path = ListsApp.swift; sourceTree = "<group>"; };
		41F4D5A12AC77DB0007681D0 /* ContentView.swift */ = {isa = PBXFileReference; lastKnownFileType = sourcecode.swift; path = ContentView.swift; sourceTree = "<group>"; };
		41F4D5A32AC77DB1007681D0 /* Assets.xcassets */ = {isa = PBXFileReference; lastKnownFileType = folder.assetcatalog; path = Assets.xcassets; sourceTree = "<group>"; };
		41F4D5A62AC77DB1007681D0 /* Preview Assets.xcassets */ = {isa = PBXFileReference; lastKnownFileType = folder.assetcatalog; path = "Preview Assets.xcassets"; sourceTree = "<group>"; };
		41F4D5AD2AC77EEA007681D0 /* ListOfStaticItems.swift */ = {isa = PBXFileReference; lastKnownFileType = sourcecode.swift; path = ListOfStaticItems.swift; sourceTree = "<group>"; };
		41F4D5AF2AC78039007681D0 /* ListOfDynamicItems.swift */ = {isa = PBXFileReference; lastKnownFileType = sourcecode.swift; path = ListOfDynamicItems.swift; sourceTree = "<group>"; };
		41F4D5B12AC78319007681D0 /* UsersDeleteRowsFromList.swift */ = {isa = PBXFileReference; lastKnownFileType = sourcecode.swift; path = UsersDeleteRowsFromList.swift; sourceTree = "<group>"; };
		41F4D5B32AC786E1007681D0 /* UsersMoveRowsInList.swift */ = {isa = PBXFileReference; lastKnownFileType = sourcecode.swift; path = UsersMoveRowsInList.swift; sourceTree = "<group>"; };
/* End PBXFileReference section */

/* Begin PBXFrameworksBuildPhase section */
		41F4D5992AC77DB0007681D0 /* Frameworks */ = {
			isa = PBXFrameworksBuildPhase;
			buildActionMask = 2147483647;
			files = (
			);
			runOnlyForDeploymentPostprocessing = 0;
		};
/* End PBXFrameworksBuildPhase section */

/* Begin PBXGroup section */
		41F4D5932AC77DB0007681D0 = {
			isa = PBXGroup;
			children = (
				41F4D59E2AC77DB0007681D0 /* Lists */,
				41F4D59D2AC77DB0007681D0 /* Products */,
			);
			sourceTree = "<group>";
		};
		41F4D59D2AC77DB0007681D0 /* Products */ = {
			isa = PBXGroup;
			children = (
				41F4D59C2AC77DB0007681D0 /* Lists.app */,
			);
			name = Products;
			sourceTree = "<group>";
		};
		41F4D59E2AC77DB0007681D0 /* Lists */ = {
			isa = PBXGroup;
			children = (
				41F4D59F2AC77DB0007681D0 /* ListsApp.swift */,
				41F4D5A12AC77DB0007681D0 /* ContentView.swift */,
				41F4D5AD2AC77EEA007681D0 /* ListOfStaticItems.swift */,
				41F4D5AF2AC78039007681D0 /* ListOfDynamicItems.swift */,
				41F4D5B12AC78319007681D0 /* UsersDeleteRowsFromList.swift */,
				41F4D5B32AC786E1007681D0 /* UsersMoveRowsInList.swift */,
				41F4D5A32AC77DB1007681D0 /* Assets.xcassets */,
				41F4D5A52AC77DB1007681D0 /* Preview Content */,
			);
			path = Lists;
			sourceTree = "<group>";
		};
		41F4D5A52AC77DB1007681D0 /* Preview Content */ = {
			isa = PBXGroup;
			children = (
				41F4D5A62AC77DB1007681D0 /* Preview Assets.xcassets */,
			);
			path = "Preview Content";
			sourceTree = "<group>";
		};
/* End PBXGroup section */

/* Begin PBXNativeTarget section */
		41F4D59B2AC77DB0007681D0 /* Lists */ = {
			isa = PBXNativeTarget;
			buildConfigurationList = 41F4D5AA2AC77DB1007681D0 /* Build configuration list for PBXNativeTarget "Lists" */;
			buildPhases = (
				41F4D5982AC77DB0007681D0 /* Sources */,
				41F4D5992AC77DB0007681D0 /* Frameworks */,
				41F4D59A2AC77DB0007681D0 /* Resources */,
			);
			buildRules = (
			);
			dependencies = (
			);
			name = Lists;
			productName = Lists;
			productReference = 41F4D59C2AC77DB0007681D0 /* Lists.app */;
			productType = "com.apple.product-type.application";
		};
/* End PBXNativeTarget section */

/* Begin PBXProject section */
		41F4D5942AC77DB0007681D0 /* Project object */ = {
			isa = PBXProject;
			attributes = {
				BuildIndependentTargetsInParallel = 1;
				LastSwiftUpdateCheck = 1500;
				LastUpgradeCheck = 1500;
				TargetAttributes = {
					41F4D59B2AC77DB0007681D0 = {
						CreatedOnToolsVersion = 15.0;
					};
				};
			};
			buildConfigurationList = 41F4D5972AC77DB0007681D0 /* Build configuration list for PBXProject "Lists" */;
			compatibilityVersion = "Xcode 14.0";
			developmentRegion = en;
			hasScannedForEncodings = 0;
			knownRegions = (
				en,
				Base,
			);
			mainGroup = 41F4D5932AC77DB0007681D0;
			productRefGroup = 41F4D59D2AC77DB0007681D0 /* Products */;
			projectDirPath = "";
			projectRoot = "";
			targets = (
				41F4D59B2AC77DB0007681D0 /* Lists */,
			);
		};
/* End PBXProject section */

/* Begin PBXResourcesBuildPhase section */
		41F4D59A2AC77DB0007681D0 /* Resources */ = {
			isa = PBXResourcesBuildPhase;
			buildActionMask = 2147483647;
			files = (
				41F4D5A72AC77DB1007681D0 /* Preview Assets.xcassets in Resources */,
				41F4D5A42AC77DB1007681D0 /* Assets.xcassets in Resources */,
			);
			runOnlyForDeploymentPostprocessing = 0;
		};
/* End PBXResourcesBuildPhase section */

/* Begin PBXSourcesBuildPhase section */
		41F4D5982AC77DB0007681D0 /* Sources */ = {
			isa = PBXSourcesBuildPhase;
			buildActionMask = 2147483647;
			files = (
				41F4D5A22AC77DB0007681D0 /* ContentView.swift in Sources */,
				41F4D5AE2AC77EEA007681D0 /* ListOfStaticItems.swift in Sources */,
				41F4D5A02AC77DB0007681D0 /* ListsApp.swift in Sources */,
				41F4D5B02AC78039007681D0 /* ListOfDynamicItems.swift in Sources */,
				41F4D5B22AC78319007681D0 /* UsersDeleteRowsFromList.swift in Sources */,
				41F4D5B42AC786E1007681D0 /* UsersMoveRowsInList.swift in Sources */,
			);
			runOnlyForDeploymentPostprocessing = 0;
		};
/* End PBXSourcesBuildPhase section */

/* Begin XCBuildConfiguration section */
		41F4D5A82AC77DB1007681D0 /* Debug */ = {
			isa = XCBuildConfiguration;
			buildSettings = {
				ALWAYS_SEARCH_USER_PATHS = NO;
				ASSETCATALOG_COMPILER_GENERATE_SWIFT_ASSET_SYMBOL_EXTENSIONS = YES;
				CLANG_ANALYZER_NONNULL = YES;
				CLANG_ANALYZER_NUMBER_OBJECT_CONVERSION = YES_AGGRESSIVE;
				CLANG_CXX_LANGUAGE_STANDARD = "gnu++20";
				CLANG_ENABLE_MODULES = YES;
				CLANG_ENABLE_OBJC_ARC = YES;
				CLANG_ENABLE_OBJC_WEAK = YES;
				CLANG_WARN_BLOCK_CAPTURE_AUTORELEASING = YES;
				CLANG_WARN_BOOL_CONVERSION = YES;
				CLANG_WARN_COMMA = YES;
				CLANG_WARN_CONSTANT_CONVERSION = YES;
				CLANG_WARN_DEPRECATED_OBJC_IMPLEMENTATIONS = YES;
				CLANG_WARN_DIRECT_OBJC_ISA_USAGE = YES_ERROR;
				CLANG_WARN_DOCUMENTATION_COMMENTS = YES;
				CLANG_WARN_EMPTY_BODY = YES;
				CLANG_WARN_ENUM_CONVERSION = YES;
				CLANG_WARN_INFINITE_RECURSION = YES;
				CLANG_WARN_INT_CONVERSION = YES;
				CLANG_WARN_NON_LITERAL_NULL_CONVERSION = YES;
				CLANG_WARN_OBJC_IMPLICIT_RETAIN_SELF = YES;
				CLANG_WARN_OBJC_LITERAL_CONVERSION = YES;
				CLANG_WARN_OBJC_ROOT_CLASS = YES_ERROR;
				CLANG_WARN_QUOTED_INCLUDE_IN_FRAMEWORK_HEADER = YES;
				CLANG_WARN_RANGE_LOOP_ANALYSIS = YES;
				CLANG_WARN_STRICT_PROTOTYPES = YES;
				CLANG_WARN_SUSPICIOUS_MOVE = YES;
				CLANG_WARN_UNGUARDED_AVAILABILITY = YES_AGGRESSIVE;
				CLANG_WARN_UNREACHABLE_CODE = YES;
				CLANG_WARN__DUPLICATE_METHOD_MATCH = YES;
				COPY_PHASE_STRIP = NO;
				DEBUG_INFORMATION_FORMAT = dwarf;
				ENABLE_STRICT_OBJC_MSGSEND = YES;
				ENABLE_TESTABILITY = YES;
				ENABLE_USER_SCRIPT_SANDBOXING = YES;
				GCC_C_LANGUAGE_STANDARD = gnu17;
				GCC_DYNAMIC_NO_PIC = NO;
				GCC_NO_COMMON_BLOCKS = YES;
				GCC_OPTIMIZATION_LEVEL = 0;
				GCC_PREPROCESSOR_DEFINITIONS = (
					"DEBUG=1",
					"$(inherited)",
				);
				GCC_WARN_64_TO_32_BIT_CONVERSION = YES;
				GCC_WARN_ABOUT_RETURN_TYPE = YES_ERROR;
				GCC_WARN_UNDECLARED_SELECTOR = YES;
				GCC_WARN_UNINITIALIZED_AUTOS = YES_AGGRESSIVE;
				GCC_WARN_UNUSED_FUNCTION = YES;
				GCC_WARN_UNUSED_VARIABLE = YES;
				IPHONEOS_DEPLOYMENT_TARGET = 17.0;
				LOCALIZATION_PREFERS_STRING_CATALOGS = YES;
				MTL_ENABLE_DEBUG_INFO = INCLUDE_SOURCE;
				MTL_FAST_MATH = YES;
				ONLY_ACTIVE_ARCH = YES;
				SDKROOT = iphoneos;
				SWIFT_ACTIVE_COMPILATION_CONDITIONS = "DEBUG $(inherited)";
				SWIFT_OPTIMIZATION_LEVEL = "-Onone";
			};
			name = Debug;
		};
		41F4D5A92AC77DB1007681D0 /* Release */ = {
			isa = XCBuildConfiguration;
			buildSettings = {
				ALWAYS_SEARCH_USER_PATHS = NO;
				ASSETCATALOG_COMPILER_GENERATE_SWIFT_ASSET_SYMBOL_EXTENSIONS = YES;
				CLANG_ANALYZER_NONNULL = YES;
				CLANG_ANALYZER_NUMBER_OBJECT_CONVERSION = YES_AGGRESSIVE;
				CLANG_CXX_LANGUAGE_STANDARD = "gnu++20";
				CLANG_ENABLE_MODULES = YES;
				CLANG_ENABLE_OBJC_ARC = YES;
				CLANG_ENABLE_OBJC_WEAK = YES;
				CLANG_WARN_BLOCK_CAPTURE_AUTORELEASING = YES;
				CLANG_WARN_BOOL_CONVERSION = YES;
				CLANG_WARN_COMMA = YES;
				CLANG_WARN_CONSTANT_CONVERSION = YES;
				CLANG_WARN_DEPRECATED_OBJC_IMPLEMENTATIONS = YES;
				CLANG_WARN_DIRECT_OBJC_ISA_USAGE = YES_ERROR;
				CLANG_WARN_DOCUMENTATION_COMMENTS = YES;
				CLANG_WARN_EMPTY_BODY = YES;
				CLANG_WARN_ENUM_CONVERSION = YES;
				CLANG_WARN_INFINITE_RECURSION = YES;
				CLANG_WARN_INT_CONVERSION = YES;
				CLANG_WARN_NON_LITERAL_NULL_CONVERSION = YES;
				CLANG_WARN_OBJC_IMPLICIT_RETAIN_SELF = YES;
				CLANG_WARN_OBJC_LITERAL_CONVERSION = YES;
				CLANG_WARN_OBJC_ROOT_CLASS = YES_ERROR;
				CLANG_WARN_QUOTED_INCLUDE_IN_FRAMEWORK_HEADER = YES;
				CLANG_WARN_RANGE_LOOP_ANALYSIS = YES;
				CLANG_WARN_STRICT_PROTOTYPES = YES;
				CLANG_WARN_SUSPICIOUS_MOVE = YES;
				CLANG_WARN_UNGUARDED_AVAILABILITY = YES_AGGRESSIVE;
				CLANG_WARN_UNREACHABLE_CODE = YES;
				CLANG_WARN__DUPLICATE_METHOD_MATCH = YES;
				COPY_PHASE_STRIP = NO;
				DEBUG_INFORMATION_FORMAT = "dwarf-with-dsym";
				ENABLE_NS_ASSERTIONS = NO;
				ENABLE_STRICT_OBJC_MSGSEND = YES;
				ENABLE_USER_SCRIPT_SANDBOXING = YES;
				GCC_C_LANGUAGE_STANDARD = gnu17;
				GCC_NO_COMMON_BLOCKS = YES;
				GCC_WARN_64_TO_32_BIT_CONVERSION = YES;
				GCC_WARN_ABOUT_RETURN_TYPE = YES_ERROR;
				GCC_WARN_UNDECLARED_SELECTOR = YES;
				GCC_WARN_UNINITIALIZED_AUTOS = YES_AGGRESSIVE;
				GCC_WARN_UNUSED_FUNCTION = YES;
				GCC_WARN_UNUSED_VARIABLE = YES;
				IPHONEOS_DEPLOYMENT_TARGET = 17.0;
				LOCALIZATION_PREFERS_STRING_CATALOGS = YES;
				MTL_ENABLE_DEBUG_INFO = NO;
				MTL_FAST_MATH = YES;
				SDKROOT = iphoneos;
				SWIFT_COMPILATION_MODE = wholemodule;
				VALIDATE_PRODUCT = YES;
			};
			name = Release;
		};
		41F4D5AB2AC77DB1007681D0 /* Debug */ = {
			isa = XCBuildConfiguration;
			buildSettings = {
				ASSETCATALOG_COMPILER_APPICON_NAME = AppIcon;
				ASSETCATALOG_COMPILER_GLOBAL_ACCENT_COLOR_NAME = AccentColor;
				CODE_SIGN_STYLE = Automatic;
				CURRENT_PROJECT_VERSION = 1;
				DEVELOPMENT_ASSET_PATHS = "\"Lists/Preview Content\"";
				DEVELOPMENT_TEAM = CWCBRR328H;
				ENABLE_PREVIEWS = YES;
				GENERATE_INFOPLIST_FILE = YES;
				INFOPLIST_KEY_UIApplicationSceneManifest_Generation = YES;
				INFOPLIST_KEY_UIApplicationSupportsIndirectInputEvents = YES;
				INFOPLIST_KEY_UILaunchScreen_Generation = YES;
				INFOPLIST_KEY_UISupportedInterfaceOrientations_iPad = "UIInterfaceOrientationPortrait UIInterfaceOrientationPortraitUpsideDown UIInterfaceOrientationLandscapeLeft UIInterfaceOrientationLandscapeRight";
				INFOPLIST_KEY_UISupportedInterfaceOrientations_iPhone = "UIInterfaceOrientationPortrait UIInterfaceOrientationLandscapeLeft UIInterfaceOrientationLandscapeRight";
				LD_RUNPATH_SEARCH_PATHS = (
					"$(inherited)",
					"@executable_path/Frameworks",
				);
				MARKETING_VERSION = 1.0;
				PRODUCT_BUNDLE_IDENTIFIER = BJ914.Lists;
				PRODUCT_NAME = "$(TARGET_NAME)";
				SWIFT_EMIT_LOC_STRINGS = YES;
				SWIFT_VERSION = 5.0;
				TARGETED_DEVICE_FAMILY = "1,2";
			};
			name = Debug;
		};
		41F4D5AC2AC77DB1007681D0 /* Release */ = {
			isa = XCBuildConfiguration;
			buildSettings = {
				ASSETCATALOG_COMPILER_APPICON_NAME = AppIcon;
				ASSETCATALOG_COMPILER_GLOBAL_ACCENT_COLOR_NAME = AccentColor;
				CODE_SIGN_STYLE = Automatic;
				CURRENT_PROJECT_VERSION = 1;
				DEVELOPMENT_ASSET_PATHS = "\"Lists/Preview Content\"";
				DEVELOPMENT_TEAM = CWCBRR328H;
				ENABLE_PREVIEWS = YES;
				GENERATE_INFOPLIST_FILE = YES;
				INFOPLIST_KEY_UIApplicationSceneManifest_Generation = YES;
				INFOPLIST_KEY_UIApplicationSupportsIndirectInputEvents = YES;
				INFOPLIST_KEY_UILaunchScreen_Generation = YES;
				INFOPLIST_KEY_UISupportedInterfaceOrientations_iPad = "UIInterfaceOrientationPortrait UIInterfaceOrientationPortraitUpsideDown UIInterfaceOrientationLandscapeLeft UIInterfaceOrientationLandscapeRight";
				INFOPLIST_KEY_UISupportedInterfaceOrientations_iPhone = "UIInterfaceOrientationPortrait UIInterfaceOrientationLandscapeLeft UIInterfaceOrientationLandscapeRight";
				LD_RUNPATH_SEARCH_PATHS = (
					"$(inherited)",
					"@executable_path/Frameworks",
				);
				MARKETING_VERSION = 1.0;
				PRODUCT_BUNDLE_IDENTIFIER = BJ914.Lists;
				PRODUCT_NAME = "$(TARGET_NAME)";
				SWIFT_EMIT_LOC_STRINGS = YES;
				SWIFT_VERSION = 5.0;
				TARGETED_DEVICE_FAMILY = "1,2";
			};
			name = Release;
		};
/* End XCBuildConfiguration section */

/* Begin XCConfigurationList section */
		41F4D5972AC77DB0007681D0 /* Build configuration list for PBXProject "Lists" */ = {
			isa = XCConfigurationList;
			buildConfigurations = (
				41F4D5A82AC77DB1007681D0 /* Debug */,
				41F4D5A92AC77DB1007681D0 /* Release */,
			);
			defaultConfigurationIsVisible = 0;
			defaultConfigurationName = Release;
		};
		41F4D5AA2AC77DB1007681D0 /* Build configuration list for PBXNativeTarget "Lists" */ = {
			isa = XCConfigurationList;
			buildConfigurations = (
				41F4D5AB2AC77DB1007681D0 /* Debug */,
				41F4D5AC2AC77DB1007681D0 /* Release */,
			);
			defaultConfigurationIsVisible = 0;
			defaultConfigurationName = Release;
		};
/* End XCConfigurationList section */
	};
	rootObject = 41F4D5942AC77DB0007681D0 /* Project object */;
}
