// !$*UTF8*$!
{
	archiveVersion = 1;
	classes = {
	};
	objectVersion = 56;
	objects = {

/* Begin PBXBuildFile section */
		41322F912AE0A9F3008E13D3 /* TransformingViewsApp.swift in Sources */ = {isa = PBXBuildFile; fileRef = 41322F902AE0A9F3008E13D3 /* TransformingViewsApp.swift */; };
		41322F932AE0A9F3008E13D3 /* ContentView.swift in Sources */ = {isa = PBXBuildFile; fileRef = 41322F922AE0A9F3008E13D3 /* ContentView.swift */; };
		41322F952AE0A9F5008E13D3 /* Assets.xcassets in Resources */ = {isa = PBXBuildFile; fileRef = 41322F942AE0A9F5008E13D3 /* Assets.xcassets */; };
		41322F982AE0A9F5008E13D3 /* Preview Assets.xcassets in Resources */ = {isa = PBXBuildFile; fileRef = 41322F972AE0A9F5008E13D3 /* Preview Assets.xcassets */; };
		41322F9F2AE0AA2C008E13D3 /* AdjustPositionOfViewUsingOffset.swift in Sources */ = {isa = PBXBuildFile; fileRef = 41322F9E2AE0AA2C008E13D3 /* AdjustPositionOfViewUsingOffset.swift */; };
		41322FA12AE0ADF5008E13D3 /* ColorThePaddingAroundAView.swift in Sources */ = {isa = PBXBuildFile; fileRef = 41322FA02AE0ADF5008E13D3 /* ColorThePaddingAroundAView.swift */; };
		41322FA32AE0AE96008E13D3 /* HowToStackModifiersToCreateEffects.swift in Sources */ = {isa = PBXBuildFile; fileRef = 41322FA22AE0AE96008E13D3 /* HowToStackModifiersToCreateEffects.swift */; };
		41322FA52AE0AF41008E13D3 /* HowToDrawBorderAroundView.swift in Sources */ = {isa = PBXBuildFile; fileRef = 41322FA42AE0AF41008E13D3 /* HowToDrawBorderAroundView.swift */; };
		41322FA72AE0B016008E13D3 /* HowToDrawBorderInsideView.swift in Sources */ = {isa = PBXBuildFile; fileRef = 41322FA62AE0B016008E13D3 /* HowToDrawBorderInsideView.swift */; };
		41322FA92AE0B0B3008E13D3 /* HowToCreateMarchingAntsBorderEffect.swift in Sources */ = {isa = PBXBuildFile; fileRef = 41322FA82AE0B0B3008E13D3 /* HowToCreateMarchingAntsBorderEffect.swift */; };
		41322FAB2AE0B197008E13D3 /* HowToDrawShadowAroundView.swift in Sources */ = {isa = PBXBuildFile; fileRef = 41322FAA2AE0B197008E13D3 /* HowToDrawShadowAroundView.swift */; };
		41DF685E2AE1D860004D4573 /* ClipViewOnlyPartisVisible.swift in Sources */ = {isa = PBXBuildFile; fileRef = 41DF685D2AE1D860004D4573 /* ClipViewOnlyPartisVisible.swift */; };
		41DF68602AE1D8EA004D4573 /* HowToRotateAView.swift in Sources */ = {isa = PBXBuildFile; fileRef = 41DF685F2AE1D8EA004D4573 /* HowToRotateAView.swift */; };
		41DF68622AE1D9D8004D4573 /* HowToRotate3D.swift in Sources */ = {isa = PBXBuildFile; fileRef = 41DF68612AE1D9D8004D4573 /* HowToRotate3D.swift */; };
		41DF68642AE1DA37004D4573 /* HowToScaleViewUpDown.swift in Sources */ = {isa = PBXBuildFile; fileRef = 41DF68632AE1DA37004D4573 /* HowToScaleViewUpDown.swift */; };
		41DF68662AE1DB12004D4573 /* HowToRoundCornersOfView.swift in Sources */ = {isa = PBXBuildFile; fileRef = 41DF68652AE1DB12004D4573 /* HowToRoundCornersOfView.swift */; };
		41DF68682AE1DB5E004D4573 /* HowToAdjustOpacityOfView.swift in Sources */ = {isa = PBXBuildFile; fileRef = 41DF68672AE1DB5E004D4573 /* HowToAdjustOpacityOfView.swift */; };
		41DF686A2AE1DBD3004D4573 /* HowToAdjustAccentColorOfView.swift in Sources */ = {isa = PBXBuildFile; fileRef = 41DF68692AE1DBD3004D4573 /* HowToAdjustAccentColorOfView.swift */; };
		41DF686C2AE1DC31004D4573 /* HowToBlurView.swift in Sources */ = {isa = PBXBuildFile; fileRef = 41DF686B2AE1DC31004D4573 /* HowToBlurView.swift */; };
		41DF686E2AE1DC71004D4573 /* HowToBlendViewsTogether.swift in Sources */ = {isa = PBXBuildFile; fileRef = 41DF686D2AE1DC71004D4573 /* HowToBlendViewsTogether.swift */; };
		41DF68702AE1DCDC004D4573 /* CustomizingButtonWithButtonStyle.swift in Sources */ = {isa = PBXBuildFile; fileRef = 41DF686F2AE1DCDC004D4573 /* CustomizingButtonWithButtonStyle.swift */; };
		41DF68742AE1DDF2004D4573 /* CustomizingProgressViewUsingProgressViewStyle.swift in Sources */ = {isa = PBXBuildFile; fileRef = 41DF68732AE1DDF2004D4573 /* CustomizingProgressViewUsingProgressViewStyle.swift */; };
		41DF68762AE1E368004D4573 /* CustomizingToggleWithToggleStyle.swift in Sources */ = {isa = PBXBuildFile; fileRef = 41DF68752AE1E368004D4573 /* CustomizingToggleWithToggleStyle.swift */; };
		41DF68782AE1E461004D4573 /* HowToChangeTheBackgroundColorofListTextEditor.swift in Sources */ = {isa = PBXBuildFile; fileRef = 41DF68772AE1E461004D4573 /* HowToChangeTheBackgroundColorofListTextEditor.swift */; };
/* End PBXBuildFile section */

/* Begin PBXFileReference section */
		41322F8D2AE0A9F3008E13D3 /* TransformingViews.app */ = {isa = PBXFileReference; explicitFileType = wrapper.application; includeInIndex = 0; path = TransformingViews.app; sourceTree = BUILT_PRODUCTS_DIR; };
		41322F902AE0A9F3008E13D3 /* TransformingViewsApp.swift */ = {isa = PBXFileReference; lastKnownFileType = sourcecode.swift; path = TransformingViewsApp.swift; sourceTree = "<group>"; };
		41322F922AE0A9F3008E13D3 /* ContentView.swift */ = {isa = PBXFileReference; lastKnownFileType = sourcecode.swift; path = ContentView.swift; sourceTree = "<group>"; };
		41322F942AE0A9F5008E13D3 /* Assets.xcassets */ = {isa = PBXFileReference; lastKnownFileType = folder.assetcatalog; path = Assets.xcassets; sourceTree = "<group>"; };
		41322F972AE0A9F5008E13D3 /* Preview Assets.xcassets */ = {isa = PBXFileReference; lastKnownFileType = folder.assetcatalog; path = "Preview Assets.xcassets"; sourceTree = "<group>"; };
		41322F9E2AE0AA2C008E13D3 /* AdjustPositionOfViewUsingOffset.swift */ = {isa = PBXFileReference; lastKnownFileType = sourcecode.swift; path = AdjustPositionOfViewUsingOffset.swift; sourceTree = "<group>"; };
		41322FA02AE0ADF5008E13D3 /* ColorThePaddingAroundAView.swift */ = {isa = PBXFileReference; lastKnownFileType = sourcecode.swift; path = ColorThePaddingAroundAView.swift; sourceTree = "<group>"; };
		41322FA22AE0AE96008E13D3 /* HowToStackModifiersToCreateEffects.swift */ = {isa = PBXFileReference; lastKnownFileType = sourcecode.swift; path = HowToStackModifiersToCreateEffects.swift; sourceTree = "<group>"; };
		41322FA42AE0AF41008E13D3 /* HowToDrawBorderAroundView.swift */ = {isa = PBXFileReference; lastKnownFileType = sourcecode.swift; path = HowToDrawBorderAroundView.swift; sourceTree = "<group>"; };
		41322FA62AE0B016008E13D3 /* HowToDrawBorderInsideView.swift */ = {isa = PBXFileReference; lastKnownFileType = sourcecode.swift; path = HowToDrawBorderInsideView.swift; sourceTree = "<group>"; };
		41322FA82AE0B0B3008E13D3 /* HowToCreateMarchingAntsBorderEffect.swift */ = {isa = PBXFileReference; lastKnownFileType = sourcecode.swift; path = HowToCreateMarchingAntsBorderEffect.swift; sourceTree = "<group>"; };
		41322FAA2AE0B197008E13D3 /* HowToDrawShadowAroundView.swift */ = {isa = PBXFileReference; lastKnownFileType = sourcecode.swift; path = HowToDrawShadowAroundView.swift; sourceTree = "<group>"; };
		41DF685D2AE1D860004D4573 /* ClipViewOnlyPartisVisible.swift */ = {isa = PBXFileReference; lastKnownFileType = sourcecode.swift; path = ClipViewOnlyPartisVisible.swift; sourceTree = "<group>"; };
		41DF685F2AE1D8EA004D4573 /* HowToRotateAView.swift */ = {isa = PBXFileReference; lastKnownFileType = sourcecode.swift; path = HowToRotateAView.swift; sourceTree = "<group>"; };
		41DF68612AE1D9D8004D4573 /* HowToRotate3D.swift */ = {isa = PBXFileReference; lastKnownFileType = sourcecode.swift; path = HowToRotate3D.swift; sourceTree = "<group>"; };
		41DF68632AE1DA37004D4573 /* HowToScaleViewUpDown.swift */ = {isa = PBXFileReference; lastKnownFileType = sourcecode.swift; path = HowToScaleViewUpDown.swift; sourceTree = "<group>"; };
		41DF68652AE1DB12004D4573 /* HowToRoundCornersOfView.swift */ = {isa = PBXFileReference; lastKnownFileType = sourcecode.swift; path = HowToRoundCornersOfView.swift; sourceTree = "<group>"; };
		41DF68672AE1DB5E004D4573 /* HowToAdjustOpacityOfView.swift */ = {isa = PBXFileReference; lastKnownFileType = sourcecode.swift; path = HowToAdjustOpacityOfView.swift; sourceTree = "<group>"; };
		41DF68692AE1DBD3004D4573 /* HowToAdjustAccentColorOfView.swift */ = {isa = PBXFileReference; lastKnownFileType = sourcecode.swift; path = HowToAdjustAccentColorOfView.swift; sourceTree = "<group>"; };
		41DF686B2AE1DC31004D4573 /* HowToBlurView.swift */ = {isa = PBXFileReference; lastKnownFileType = sourcecode.swift; path = HowToBlurView.swift; sourceTree = "<group>"; };
		41DF686D2AE1DC71004D4573 /* HowToBlendViewsTogether.swift */ = {isa = PBXFileReference; lastKnownFileType = sourcecode.swift; path = HowToBlendViewsTogether.swift; sourceTree = "<group>"; };
		41DF686F2AE1DCDC004D4573 /* CustomizingButtonWithButtonStyle.swift */ = {isa = PBXFileReference; lastKnownFileType = sourcecode.swift; path = CustomizingButtonWithButtonStyle.swift; sourceTree = "<group>"; };
		41DF68732AE1DDF2004D4573 /* CustomizingProgressViewUsingProgressViewStyle.swift */ = {isa = PBXFileReference; lastKnownFileType = sourcecode.swift; path = CustomizingProgressViewUsingProgressViewStyle.swift; sourceTree = "<group>"; };
		41DF68752AE1E368004D4573 /* CustomizingToggleWithToggleStyle.swift */ = {isa = PBXFileReference; lastKnownFileType = sourcecode.swift; path = CustomizingToggleWithToggleStyle.swift; sourceTree = "<group>"; };
		41DF68772AE1E461004D4573 /* HowToChangeTheBackgroundColorofListTextEditor.swift */ = {isa = PBXFileReference; lastKnownFileType = sourcecode.swift; path = HowToChangeTheBackgroundColorofListTextEditor.swift; sourceTree = "<group>"; };
/* End PBXFileReference section */

/* Begin PBXFrameworksBuildPhase section */
		41322F8A2AE0A9F3008E13D3 /* Frameworks */ = {
			isa = PBXFrameworksBuildPhase;
			buildActionMask = 2147483647;
			files = (
			);
			runOnlyForDeploymentPostprocessing = 0;
		};
/* End PBXFrameworksBuildPhase section */

/* Begin PBXGroup section */
		41322F842AE0A9F3008E13D3 = {
			isa = PBXGroup;
			children = (
				41322F8F2AE0A9F3008E13D3 /* TransformingViews */,
				41322F8E2AE0A9F3008E13D3 /* Products */,
			);
			sourceTree = "<group>";
		};
		41322F8E2AE0A9F3008E13D3 /* Products */ = {
			isa = PBXGroup;
			children = (
				41322F8D2AE0A9F3008E13D3 /* TransformingViews.app */,
			);
			name = Products;
			sourceTree = "<group>";
		};
		41322F8F2AE0A9F3008E13D3 /* TransformingViews */ = {
			isa = PBXGroup;
			children = (
				41322F902AE0A9F3008E13D3 /* TransformingViewsApp.swift */,
				41322F922AE0A9F3008E13D3 /* ContentView.swift */,
				41322F9E2AE0AA2C008E13D3 /* AdjustPositionOfViewUsingOffset.swift */,
				41322FA02AE0ADF5008E13D3 /* ColorThePaddingAroundAView.swift */,
				41322FA22AE0AE96008E13D3 /* HowToStackModifiersToCreateEffects.swift */,
				41322FA42AE0AF41008E13D3 /* HowToDrawBorderAroundView.swift */,
				41322FA62AE0B016008E13D3 /* HowToDrawBorderInsideView.swift */,
				41322FA82AE0B0B3008E13D3 /* HowToCreateMarchingAntsBorderEffect.swift */,
				41322FAA2AE0B197008E13D3 /* HowToDrawShadowAroundView.swift */,
				41DF685D2AE1D860004D4573 /* ClipViewOnlyPartisVisible.swift */,
				41DF685F2AE1D8EA004D4573 /* HowToRotateAView.swift */,
				41DF68612AE1D9D8004D4573 /* HowToRotate3D.swift */,
				41DF68632AE1DA37004D4573 /* HowToScaleViewUpDown.swift */,
				41DF68652AE1DB12004D4573 /* HowToRoundCornersOfView.swift */,
				41DF68672AE1DB5E004D4573 /* HowToAdjustOpacityOfView.swift */,
				41DF68692AE1DBD3004D4573 /* HowToAdjustAccentColorOfView.swift */,
				41DF686B2AE1DC31004D4573 /* HowToBlurView.swift */,
				41DF686D2AE1DC71004D4573 /* HowToBlendViewsTogether.swift */,
				41DF686F2AE1DCDC004D4573 /* CustomizingButtonWithButtonStyle.swift */,
				41DF68732AE1DDF2004D4573 /* CustomizingProgressViewUsingProgressViewStyle.swift */,
				41DF68752AE1E368004D4573 /* CustomizingToggleWithToggleStyle.swift */,
				41DF68772AE1E461004D4573 /* HowToChangeTheBackgroundColorofListTextEditor.swift */,
				41322F942AE0A9F5008E13D3 /* Assets.xcassets */,
				41322F962AE0A9F5008E13D3 /* Preview Content */,
			);
			path = TransformingViews;
			sourceTree = "<group>";
		};
		41322F962AE0A9F5008E13D3 /* Preview Content */ = {
			isa = PBXGroup;
			children = (
				41322F972AE0A9F5008E13D3 /* Preview Assets.xcassets */,
			);
			path = "Preview Content";
			sourceTree = "<group>";
		};
/* End PBXGroup section */

/* Begin PBXNativeTarget section */
		41322F8C2AE0A9F3008E13D3 /* TransformingViews */ = {
			isa = PBXNativeTarget;
			buildConfigurationList = 41322F9B2AE0A9F5008E13D3 /* Build configuration list for PBXNativeTarget "TransformingViews" */;
			buildPhases = (
				41322F892AE0A9F3008E13D3 /* Sources */,
				41322F8A2AE0A9F3008E13D3 /* Frameworks */,
				41322F8B2AE0A9F3008E13D3 /* Resources */,
			);
			buildRules = (
			);
			dependencies = (
			);
			name = TransformingViews;
			productName = TransformingViews;
			productReference = 41322F8D2AE0A9F3008E13D3 /* TransformingViews.app */;
			productType = "com.apple.product-type.application";
		};
/* End PBXNativeTarget section */

/* Begin PBXProject section */
		41322F852AE0A9F3008E13D3 /* Project object */ = {
			isa = PBXProject;
			attributes = {
				BuildIndependentTargetsInParallel = 1;
				LastSwiftUpdateCheck = 1500;
				LastUpgradeCheck = 1500;
				TargetAttributes = {
					41322F8C2AE0A9F3008E13D3 = {
						CreatedOnToolsVersion = 15.0;
					};
				};
			};
			buildConfigurationList = 41322F882AE0A9F3008E13D3 /* Build configuration list for PBXProject "TransformingViews" */;
			compatibilityVersion = "Xcode 14.0";
			developmentRegion = en;
			hasScannedForEncodings = 0;
			knownRegions = (
				en,
				Base,
			);
			mainGroup = 41322F842AE0A9F3008E13D3;
			productRefGroup = 41322F8E2AE0A9F3008E13D3 /* Products */;
			projectDirPath = "";
			projectRoot = "";
			targets = (
				41322F8C2AE0A9F3008E13D3 /* TransformingViews */,
			);
		};
/* End PBXProject section */

/* Begin PBXResourcesBuildPhase section */
		41322F8B2AE0A9F3008E13D3 /* Resources */ = {
			isa = PBXResourcesBuildPhase;
			buildActionMask = 2147483647;
			files = (
				41322F982AE0A9F5008E13D3 /* Preview Assets.xcassets in Resources */,
				41322F952AE0A9F5008E13D3 /* Assets.xcassets in Resources */,
			);
			runOnlyForDeploymentPostprocessing = 0;
		};
/* End PBXResourcesBuildPhase section */

/* Begin PBXSourcesBuildPhase section */
		41322F892AE0A9F3008E13D3 /* Sources */ = {
			isa = PBXSourcesBuildPhase;
			buildActionMask = 2147483647;
			files = (
				41DF685E2AE1D860004D4573 /* ClipViewOnlyPartisVisible.swift in Sources */,
				41DF68602AE1D8EA004D4573 /* HowToRotateAView.swift in Sources */,
				41DF68782AE1E461004D4573 /* HowToChangeTheBackgroundColorofListTextEditor.swift in Sources */,
				41DF686E2AE1DC71004D4573 /* HowToBlendViewsTogether.swift in Sources */,
				41322F9F2AE0AA2C008E13D3 /* AdjustPositionOfViewUsingOffset.swift in Sources */,
				41DF68662AE1DB12004D4573 /* HowToRoundCornersOfView.swift in Sources */,
				41DF68742AE1DDF2004D4573 /* CustomizingProgressViewUsingProgressViewStyle.swift in Sources */,
				41322FA52AE0AF41008E13D3 /* HowToDrawBorderAroundView.swift in Sources */,
				41322F932AE0A9F3008E13D3 /* ContentView.swift in Sources */,
				41322FA92AE0B0B3008E13D3 /* HowToCreateMarchingAntsBorderEffect.swift in Sources */,
				41DF686C2AE1DC31004D4573 /* HowToBlurView.swift in Sources */,
				41DF68762AE1E368004D4573 /* CustomizingToggleWithToggleStyle.swift in Sources */,
				41322FAB2AE0B197008E13D3 /* HowToDrawShadowAroundView.swift in Sources */,
				41DF68682AE1DB5E004D4573 /* HowToAdjustOpacityOfView.swift in Sources */,
				41322FA32AE0AE96008E13D3 /* HowToStackModifiersToCreateEffects.swift in Sources */,
				41322FA72AE0B016008E13D3 /* HowToDrawBorderInsideView.swift in Sources */,
				41DF68622AE1D9D8004D4573 /* HowToRotate3D.swift in Sources */,
				41322FA12AE0ADF5008E13D3 /* ColorThePaddingAroundAView.swift in Sources */,
				41322F912AE0A9F3008E13D3 /* TransformingViewsApp.swift in Sources */,
				41DF686A2AE1DBD3004D4573 /* HowToAdjustAccentColorOfView.swift in Sources */,
				41DF68702AE1DCDC004D4573 /* CustomizingButtonWithButtonStyle.swift in Sources */,
				41DF68642AE1DA37004D4573 /* HowToScaleViewUpDown.swift in Sources */,
			);
			runOnlyForDeploymentPostprocessing = 0;
		};
/* End PBXSourcesBuildPhase section */

/* Begin XCBuildConfiguration section */
		41322F992AE0A9F5008E13D3 /* Debug */ = {
			isa = XCBuildConfiguration;
			buildSettings = {
				ALWAYS_SEARCH_USER_PATHS = NO;
				ASSETCATALOG_COMPILER_GENERATE_SWIFT_ASSET_SYMBOL_EXTENSIONS = YES;
				CLANG_ANALYZER_NONNULL = YES;
				CLANG_ANALYZER_NUMBER_OBJECT_CONVERSION = YES_AGGRESSIVE;
				CLANG_CXX_LANGUAGE_STANDARD = "gnu++20";
				CLANG_ENABLE_MODULES = YES;
				CLANG_ENABLE_OBJC_ARC = YES;
				CLANG_ENABLE_OBJC_WEAK = YES;
				CLANG_WARN_BLOCK_CAPTURE_AUTORELEASING = YES;
				CLANG_WARN_BOOL_CONVERSION = YES;
				CLANG_WARN_COMMA = YES;
				CLANG_WARN_CONSTANT_CONVERSION = YES;
				CLANG_WARN_DEPRECATED_OBJC_IMPLEMENTATIONS = YES;
				CLANG_WARN_DIRECT_OBJC_ISA_USAGE = YES_ERROR;
				CLANG_WARN_DOCUMENTATION_COMMENTS = YES;
				CLANG_WARN_EMPTY_BODY = YES;
				CLANG_WARN_ENUM_CONVERSION = YES;
				CLANG_WARN_INFINITE_RECURSION = YES;
				CLANG_WARN_INT_CONVERSION = YES;
				CLANG_WARN_NON_LITERAL_NULL_CONVERSION = YES;
				CLANG_WARN_OBJC_IMPLICIT_RETAIN_SELF = YES;
				CLANG_WARN_OBJC_LITERAL_CONVERSION = YES;
				CLANG_WARN_OBJC_ROOT_CLASS = YES_ERROR;
				CLANG_WARN_QUOTED_INCLUDE_IN_FRAMEWORK_HEADER = YES;
				CLANG_WARN_RANGE_LOOP_ANALYSIS = YES;
				CLANG_WARN_STRICT_PROTOTYPES = YES;
				CLANG_WARN_SUSPICIOUS_MOVE = YES;
				CLANG_WARN_UNGUARDED_AVAILABILITY = YES_AGGRESSIVE;
				CLANG_WARN_UNREACHABLE_CODE = YES;
				CLANG_WARN__DUPLICATE_METHOD_MATCH = YES;
				COPY_PHASE_STRIP = NO;
				DEBUG_INFORMATION_FORMAT = dwarf;
				ENABLE_STRICT_OBJC_MSGSEND = YES;
				ENABLE_TESTABILITY = YES;
				ENABLE_USER_SCRIPT_SANDBOXING = YES;
				GCC_C_LANGUAGE_STANDARD = gnu17;
				GCC_DYNAMIC_NO_PIC = NO;
				GCC_NO_COMMON_BLOCKS = YES;
				GCC_OPTIMIZATION_LEVEL = 0;
				GCC_PREPROCESSOR_DEFINITIONS = (
					"DEBUG=1",
					"$(inherited)",
				);
				GCC_WARN_64_TO_32_BIT_CONVERSION = YES;
				GCC_WARN_ABOUT_RETURN_TYPE = YES_ERROR;
				GCC_WARN_UNDECLARED_SELECTOR = YES;
				GCC_WARN_UNINITIALIZED_AUTOS = YES_AGGRESSIVE;
				GCC_WARN_UNUSED_FUNCTION = YES;
				GCC_WARN_UNUSED_VARIABLE = YES;
				IPHONEOS_DEPLOYMENT_TARGET = 17.0;
				LOCALIZATION_PREFERS_STRING_CATALOGS = YES;
				MTL_ENABLE_DEBUG_INFO = INCLUDE_SOURCE;
				MTL_FAST_MATH = YES;
				ONLY_ACTIVE_ARCH = YES;
				SDKROOT = iphoneos;
				SWIFT_ACTIVE_COMPILATION_CONDITIONS = "DEBUG $(inherited)";
				SWIFT_OPTIMIZATION_LEVEL = "-Onone";
			};
			name = Debug;
		};
		41322F9A2AE0A9F5008E13D3 /* Release */ = {
			isa = XCBuildConfiguration;
			buildSettings = {
				ALWAYS_SEARCH_USER_PATHS = NO;
				ASSETCATALOG_COMPILER_GENERATE_SWIFT_ASSET_SYMBOL_EXTENSIONS = YES;
				CLANG_ANALYZER_NONNULL = YES;
				CLANG_ANALYZER_NUMBER_OBJECT_CONVERSION = YES_AGGRESSIVE;
				CLANG_CXX_LANGUAGE_STANDARD = "gnu++20";
				CLANG_ENABLE_MODULES = YES;
				CLANG_ENABLE_OBJC_ARC = YES;
				CLANG_ENABLE_OBJC_WEAK = YES;
				CLANG_WARN_BLOCK_CAPTURE_AUTORELEASING = YES;
				CLANG_WARN_BOOL_CONVERSION = YES;
				CLANG_WARN_COMMA = YES;
				CLANG_WARN_CONSTANT_CONVERSION = YES;
				CLANG_WARN_DEPRECATED_OBJC_IMPLEMENTATIONS = YES;
				CLANG_WARN_DIRECT_OBJC_ISA_USAGE = YES_ERROR;
				CLANG_WARN_DOCUMENTATION_COMMENTS = YES;
				CLANG_WARN_EMPTY_BODY = YES;
				CLANG_WARN_ENUM_CONVERSION = YES;
				CLANG_WARN_INFINITE_RECURSION = YES;
				CLANG_WARN_INT_CONVERSION = YES;
				CLANG_WARN_NON_LITERAL_NULL_CONVERSION = YES;
				CLANG_WARN_OBJC_IMPLICIT_RETAIN_SELF = YES;
				CLANG_WARN_OBJC_LITERAL_CONVERSION = YES;
				CLANG_WARN_OBJC_ROOT_CLASS = YES_ERROR;
				CLANG_WARN_QUOTED_INCLUDE_IN_FRAMEWORK_HEADER = YES;
				CLANG_WARN_RANGE_LOOP_ANALYSIS = YES;
				CLANG_WARN_STRICT_PROTOTYPES = YES;
				CLANG_WARN_SUSPICIOUS_MOVE = YES;
				CLANG_WARN_UNGUARDED_AVAILABILITY = YES_AGGRESSIVE;
				CLANG_WARN_UNREACHABLE_CODE = YES;
				CLANG_WARN__DUPLICATE_METHOD_MATCH = YES;
				COPY_PHASE_STRIP = NO;
				DEBUG_INFORMATION_FORMAT = "dwarf-with-dsym";
				ENABLE_NS_ASSERTIONS = NO;
				ENABLE_STRICT_OBJC_MSGSEND = YES;
				ENABLE_USER_SCRIPT_SANDBOXING = YES;
				GCC_C_LANGUAGE_STANDARD = gnu17;
				GCC_NO_COMMON_BLOCKS = YES;
				GCC_WARN_64_TO_32_BIT_CONVERSION = YES;
				GCC_WARN_ABOUT_RETURN_TYPE = YES_ERROR;
				GCC_WARN_UNDECLARED_SELECTOR = YES;
				GCC_WARN_UNINITIALIZED_AUTOS = YES_AGGRESSIVE;
				GCC_WARN_UNUSED_FUNCTION = YES;
				GCC_WARN_UNUSED_VARIABLE = YES;
				IPHONEOS_DEPLOYMENT_TARGET = 17.0;
				LOCALIZATION_PREFERS_STRING_CATALOGS = YES;
				MTL_ENABLE_DEBUG_INFO = NO;
				MTL_FAST_MATH = YES;
				SDKROOT = iphoneos;
				SWIFT_COMPILATION_MODE = wholemodule;
				VALIDATE_PRODUCT = YES;
			};
			name = Release;
		};
		41322F9C2AE0A9F5008E13D3 /* Debug */ = {
			isa = XCBuildConfiguration;
			buildSettings = {
				ASSETCATALOG_COMPILER_APPICON_NAME = AppIcon;
				ASSETCATALOG_COMPILER_GLOBAL_ACCENT_COLOR_NAME = AccentColor;
				CODE_SIGN_STYLE = Automatic;
				CURRENT_PROJECT_VERSION = 1;
				DEVELOPMENT_ASSET_PATHS = "\"TransformingViews/Preview Content\"";
				DEVELOPMENT_TEAM = CWCBRR328H;
				ENABLE_PREVIEWS = YES;
				GENERATE_INFOPLIST_FILE = YES;
				INFOPLIST_KEY_UIApplicationSceneManifest_Generation = YES;
				INFOPLIST_KEY_UIApplicationSupportsIndirectInputEvents = YES;
				INFOPLIST_KEY_UILaunchScreen_Generation = YES;
				INFOPLIST_KEY_UISupportedInterfaceOrientations_iPad = "UIInterfaceOrientationPortrait UIInterfaceOrientationPortraitUpsideDown UIInterfaceOrientationLandscapeLeft UIInterfaceOrientationLandscapeRight";
				INFOPLIST_KEY_UISupportedInterfaceOrientations_iPhone = "UIInterfaceOrientationPortrait UIInterfaceOrientationLandscapeLeft UIInterfaceOrientationLandscapeRight";
				LD_RUNPATH_SEARCH_PATHS = (
					"$(inherited)",
					"@executable_path/Frameworks",
				);
				MARKETING_VERSION = 1.0;
				PRODUCT_BUNDLE_IDENTIFIER = BJ914.TransformingViews;
				PRODUCT_NAME = "$(TARGET_NAME)";
				SWIFT_EMIT_LOC_STRINGS = YES;
				SWIFT_VERSION = 5.0;
				TARGETED_DEVICE_FAMILY = "1,2";
			};
			name = Debug;
		};
		41322F9D2AE0A9F5008E13D3 /* Release */ = {
			isa = XCBuildConfiguration;
			buildSettings = {
				ASSETCATALOG_COMPILER_APPICON_NAME = AppIcon;
				ASSETCATALOG_COMPILER_GLOBAL_ACCENT_COLOR_NAME = AccentColor;
				CODE_SIGN_STYLE = Automatic;
				CURRENT_PROJECT_VERSION = 1;
				DEVELOPMENT_ASSET_PATHS = "\"TransformingViews/Preview Content\"";
				DEVELOPMENT_TEAM = CWCBRR328H;
				ENABLE_PREVIEWS = YES;
				GENERATE_INFOPLIST_FILE = YES;
				INFOPLIST_KEY_UIApplicationSceneManifest_Generation = YES;
				INFOPLIST_KEY_UIApplicationSupportsIndirectInputEvents = YES;
				INFOPLIST_KEY_UILaunchScreen_Generation = YES;
				INFOPLIST_KEY_UISupportedInterfaceOrientations_iPad = "UIInterfaceOrientationPortrait UIInterfaceOrientationPortraitUpsideDown UIInterfaceOrientationLandscapeLeft UIInterfaceOrientationLandscapeRight";
				INFOPLIST_KEY_UISupportedInterfaceOrientations_iPhone = "UIInterfaceOrientationPortrait UIInterfaceOrientationLandscapeLeft UIInterfaceOrientationLandscapeRight";
				LD_RUNPATH_SEARCH_PATHS = (
					"$(inherited)",
					"@executable_path/Frameworks",
				);
				MARKETING_VERSION = 1.0;
				PRODUCT_BUNDLE_IDENTIFIER = BJ914.TransformingViews;
				PRODUCT_NAME = "$(TARGET_NAME)";
				SWIFT_EMIT_LOC_STRINGS = YES;
				SWIFT_VERSION = 5.0;
				TARGETED_DEVICE_FAMILY = "1,2";
			};
			name = Release;
		};
/* End XCBuildConfiguration section */

/* Begin XCConfigurationList section */
		41322F882AE0A9F3008E13D3 /* Build configuration list for PBXProject "TransformingViews" */ = {
			isa = XCConfigurationList;
			buildConfigurations = (
				41322F992AE0A9F5008E13D3 /* Debug */,
				41322F9A2AE0A9F5008E13D3 /* Release */,
			);
			defaultConfigurationIsVisible = 0;
			defaultConfigurationName = Release;
		};
		41322F9B2AE0A9F5008E13D3 /* Build configuration list for PBXNativeTarget "TransformingViews" */ = {
			isa = XCConfigurationList;
			buildConfigurations = (
				41322F9C2AE0A9F5008E13D3 /* Debug */,
				41322F9D2AE0A9F5008E13D3 /* Release */,
			);
			defaultConfigurationIsVisible = 0;
			defaultConfigurationName = Release;
		};
/* End XCConfigurationList section */
	};
	rootObject = 41322F852AE0A9F3008E13D3 /* Project object */;
}
