// !$*UTF8*$!
{
	archiveVersion = 1;
	classes = {
	};
	objectVersion = 56;
	objects = {

/* Begin PBXBuildFile section */
		413953DF2ADF6C9F00AF483A /* PresentingViewsApp.swift in Sources */ = {isa = PBXBuildFile; fileRef = 413953DE2ADF6C9F00AF483A /* PresentingViewsApp.swift */; };
		413953E12ADF6C9F00AF483A /* ContentView.swift in Sources */ = {isa = PBXBuildFile; fileRef = 413953E02ADF6C9F00AF483A /* ContentView.swift */; };
		413953E32ADF6CA100AF483A /* Assets.xcassets in Resources */ = {isa = PBXBuildFile; fileRef = 413953E22ADF6CA100AF483A /* Assets.xcassets */; };
		413953E62ADF6CA100AF483A /* Preview Assets.xcassets in Resources */ = {isa = PBXBuildFile; fileRef = 413953E52ADF6CA100AF483A /* Preview Assets.xcassets */; };
		413953ED2ADF6D5100AF483A /* HowtoPresentNewViewUsingSheets.swift in Sources */ = {isa = PBXBuildFile; fileRef = 413953EC2ADF6D5100AF483A /* HowtoPresentNewViewUsingSheets.swift */; };
		413953EF2ADF6DD800AF483A /* HowToPresentMultipleSheets.swift in Sources */ = {isa = PBXBuildFile; fileRef = 413953EE2ADF6DD800AF483A /* HowToPresentMultipleSheets.swift */; };
		413953F12ADF6E5F00AF483A /* HowToMakeViewDismissItself.swift in Sources */ = {isa = PBXBuildFile; fileRef = 413953F02ADF6E5F00AF483A /* HowToMakeViewDismissItself.swift */; };
		413953F32ADF6EDA00AF483A /* HowToPresentAFullScrenModelViewFullScreenCover.swift in Sources */ = {isa = PBXBuildFile; fileRef = 413953F22ADF6EDA00AF483A /* HowToPresentAFullScrenModelViewFullScreenCover.swift */; };
		413953F52ADF701300AF483A /* HowToShowPopoverView.swift in Sources */ = {isa = PBXBuildFile; fileRef = 413953F42ADF701300AF483A /* HowToShowPopoverView.swift */; };
/* End PBXBuildFile section */

/* Begin PBXFileReference section */
		413953DB2ADF6C9F00AF483A /* PresentingViews.app */ = {isa = PBXFileReference; explicitFileType = wrapper.application; includeInIndex = 0; path = PresentingViews.app; sourceTree = BUILT_PRODUCTS_DIR; };
		413953DE2ADF6C9F00AF483A /* PresentingViewsApp.swift */ = {isa = PBXFileReference; lastKnownFileType = sourcecode.swift; path = PresentingViewsApp.swift; sourceTree = "<group>"; };
		413953E02ADF6C9F00AF483A /* ContentView.swift */ = {isa = PBXFileReference; lastKnownFileType = sourcecode.swift; path = ContentView.swift; sourceTree = "<group>"; };
		413953E22ADF6CA100AF483A /* Assets.xcassets */ = {isa = PBXFileReference; lastKnownFileType = folder.assetcatalog; path = Assets.xcassets; sourceTree = "<group>"; };
		413953E52ADF6CA100AF483A /* Preview Assets.xcassets */ = {isa = PBXFileReference; lastKnownFileType = folder.assetcatalog; path = "Preview Assets.xcassets"; sourceTree = "<group>"; };
		413953EC2ADF6D5100AF483A /* HowtoPresentNewViewUsingSheets.swift */ = {isa = PBXFileReference; lastKnownFileType = sourcecode.swift; path = HowtoPresentNewViewUsingSheets.swift; sourceTree = "<group>"; };
		413953EE2ADF6DD800AF483A /* HowToPresentMultipleSheets.swift */ = {isa = PBXFileReference; lastKnownFileType = sourcecode.swift; path = HowToPresentMultipleSheets.swift; sourceTree = "<group>"; };
		413953F02ADF6E5F00AF483A /* HowToMakeViewDismissItself.swift */ = {isa = PBXFileReference; lastKnownFileType = sourcecode.swift; path = HowToMakeViewDismissItself.swift; sourceTree = "<group>"; };
		413953F22ADF6EDA00AF483A /* HowToPresentAFullScrenModelViewFullScreenCover.swift */ = {isa = PBXFileReference; lastKnownFileType = sourcecode.swift; path = HowToPresentAFullScrenModelViewFullScreenCover.swift; sourceTree = "<group>"; };
		413953F42ADF701300AF483A /* HowToShowPopoverView.swift */ = {isa = PBXFileReference; lastKnownFileType = sourcecode.swift; path = HowToShowPopoverView.swift; sourceTree = "<group>"; };
/* End PBXFileReference section */

/* Begin PBXFrameworksBuildPhase section */
		413953D82ADF6C9F00AF483A /* Frameworks */ = {
			isa = PBXFrameworksBuildPhase;
			buildActionMask = 2147483647;
			files = (
			);
			runOnlyForDeploymentPostprocessing = 0;
		};
/* End PBXFrameworksBuildPhase section */

/* Begin PBXGroup section */
		413953D22ADF6C9F00AF483A = {
			isa = PBXGroup;
			children = (
				413953DD2ADF6C9F00AF483A /* PresentingViews */,
				413953DC2ADF6C9F00AF483A /* Products */,
			);
			sourceTree = "<group>";
		};
		413953DC2ADF6C9F00AF483A /* Products */ = {
			isa = PBXGroup;
			children = (
				413953DB2ADF6C9F00AF483A /* PresentingViews.app */,
			);
			name = Products;
			sourceTree = "<group>";
		};
		413953DD2ADF6C9F00AF483A /* PresentingViews */ = {
			isa = PBXGroup;
			children = (
				413953DE2ADF6C9F00AF483A /* PresentingViewsApp.swift */,
				413953E02ADF6C9F00AF483A /* ContentView.swift */,
				413953EC2ADF6D5100AF483A /* HowtoPresentNewViewUsingSheets.swift */,
				413953EE2ADF6DD800AF483A /* HowToPresentMultipleSheets.swift */,
				413953F02ADF6E5F00AF483A /* HowToMakeViewDismissItself.swift */,
				413953F22ADF6EDA00AF483A /* HowToPresentAFullScrenModelViewFullScreenCover.swift */,
				413953F42ADF701300AF483A /* HowToShowPopoverView.swift */,
				413953E22ADF6CA100AF483A /* Assets.xcassets */,
				413953E42ADF6CA100AF483A /* Preview Content */,
			);
			path = PresentingViews;
			sourceTree = "<group>";
		};
		413953E42ADF6CA100AF483A /* Preview Content */ = {
			isa = PBXGroup;
			children = (
				413953E52ADF6CA100AF483A /* Preview Assets.xcassets */,
			);
			path = "Preview Content";
			sourceTree = "<group>";
		};
/* End PBXGroup section */

/* Begin PBXNativeTarget section */
		413953DA2ADF6C9F00AF483A /* PresentingViews */ = {
			isa = PBXNativeTarget;
			buildConfigurationList = 413953E92ADF6CA100AF483A /* Build configuration list for PBXNativeTarget "PresentingViews" */;
			buildPhases = (
				413953D72ADF6C9F00AF483A /* Sources */,
				413953D82ADF6C9F00AF483A /* Frameworks */,
				413953D92ADF6C9F00AF483A /* Resources */,
			);
			buildRules = (
			);
			dependencies = (
			);
			name = PresentingViews;
			productName = PresentingViews;
			productReference = 413953DB2ADF6C9F00AF483A /* PresentingViews.app */;
			productType = "com.apple.product-type.application";
		};
/* End PBXNativeTarget section */

/* Begin PBXProject section */
		413953D32ADF6C9F00AF483A /* Project object */ = {
			isa = PBXProject;
			attributes = {
				BuildIndependentTargetsInParallel = 1;
				LastSwiftUpdateCheck = 1500;
				LastUpgradeCheck = 1500;
				TargetAttributes = {
					413953DA2ADF6C9F00AF483A = {
						CreatedOnToolsVersion = 15.0;
					};
				};
			};
			buildConfigurationList = 413953D62ADF6C9F00AF483A /* Build configuration list for PBXProject "PresentingViews" */;
			compatibilityVersion = "Xcode 14.0";
			developmentRegion = en;
			hasScannedForEncodings = 0;
			knownRegions = (
				en,
				Base,
			);
			mainGroup = 413953D22ADF6C9F00AF483A;
			productRefGroup = 413953DC2ADF6C9F00AF483A /* Products */;
			projectDirPath = "";
			projectRoot = "";
			targets = (
				413953DA2ADF6C9F00AF483A /* PresentingViews */,
			);
		};
/* End PBXProject section */

/* Begin PBXResourcesBuildPhase section */
		413953D92ADF6C9F00AF483A /* Resources */ = {
			isa = PBXResourcesBuildPhase;
			buildActionMask = 2147483647;
			files = (
				413953E62ADF6CA100AF483A /* Preview Assets.xcassets in Resources */,
				413953E32ADF6CA100AF483A /* Assets.xcassets in Resources */,
			);
			runOnlyForDeploymentPostprocessing = 0;
		};
/* End PBXResourcesBuildPhase section */

/* Begin PBXSourcesBuildPhase section */
		413953D72ADF6C9F00AF483A /* Sources */ = {
			isa = PBXSourcesBuildPhase;
			buildActionMask = 2147483647;
			files = (
				413953ED2ADF6D5100AF483A /* HowtoPresentNewViewUsingSheets.swift in Sources */,
				413953E12ADF6C9F00AF483A /* ContentView.swift in Sources */,
				413953F32ADF6EDA00AF483A /* HowToPresentAFullScrenModelViewFullScreenCover.swift in Sources */,
				413953F12ADF6E5F00AF483A /* HowToMakeViewDismissItself.swift in Sources */,
				413953EF2ADF6DD800AF483A /* HowToPresentMultipleSheets.swift in Sources */,
				413953DF2ADF6C9F00AF483A /* PresentingViewsApp.swift in Sources */,
				413953F52ADF701300AF483A /* HowToShowPopoverView.swift in Sources */,
			);
			runOnlyForDeploymentPostprocessing = 0;
		};
/* End PBXSourcesBuildPhase section */

/* Begin XCBuildConfiguration section */
		413953E72ADF6CA100AF483A /* Debug */ = {
			isa = XCBuildConfiguration;
			buildSettings = {
				ALWAYS_SEARCH_USER_PATHS = NO;
				ASSETCATALOG_COMPILER_GENERATE_SWIFT_ASSET_SYMBOL_EXTENSIONS = YES;
				CLANG_ANALYZER_NONNULL = YES;
				CLANG_ANALYZER_NUMBER_OBJECT_CONVERSION = YES_AGGRESSIVE;
				CLANG_CXX_LANGUAGE_STANDARD = "gnu++20";
				CLANG_ENABLE_MODULES = YES;
				CLANG_ENABLE_OBJC_ARC = YES;
				CLANG_ENABLE_OBJC_WEAK = YES;
				CLANG_WARN_BLOCK_CAPTURE_AUTORELEASING = YES;
				CLANG_WARN_BOOL_CONVERSION = YES;
				CLANG_WARN_COMMA = YES;
				CLANG_WARN_CONSTANT_CONVERSION = YES;
				CLANG_WARN_DEPRECATED_OBJC_IMPLEMENTATIONS = YES;
				CLANG_WARN_DIRECT_OBJC_ISA_USAGE = YES_ERROR;
				CLANG_WARN_DOCUMENTATION_COMMENTS = YES;
				CLANG_WARN_EMPTY_BODY = YES;
				CLANG_WARN_ENUM_CONVERSION = YES;
				CLANG_WARN_INFINITE_RECURSION = YES;
				CLANG_WARN_INT_CONVERSION = YES;
				CLANG_WARN_NON_LITERAL_NULL_CONVERSION = YES;
				CLANG_WARN_OBJC_IMPLICIT_RETAIN_SELF = YES;
				CLANG_WARN_OBJC_LITERAL_CONVERSION = YES;
				CLANG_WARN_OBJC_ROOT_CLASS = YES_ERROR;
				CLANG_WARN_QUOTED_INCLUDE_IN_FRAMEWORK_HEADER = YES;
				CLANG_WARN_RANGE_LOOP_ANALYSIS = YES;
				CLANG_WARN_STRICT_PROTOTYPES = YES;
				CLANG_WARN_SUSPICIOUS_MOVE = YES;
				CLANG_WARN_UNGUARDED_AVAILABILITY = YES_AGGRESSIVE;
				CLANG_WARN_UNREACHABLE_CODE = YES;
				CLANG_WARN__DUPLICATE_METHOD_MATCH = YES;
				COPY_PHASE_STRIP = NO;
				DEBUG_INFORMATION_FORMAT = dwarf;
				ENABLE_STRICT_OBJC_MSGSEND = YES;
				ENABLE_TESTABILITY = YES;
				ENABLE_USER_SCRIPT_SANDBOXING = YES;
				GCC_C_LANGUAGE_STANDARD = gnu17;
				GCC_DYNAMIC_NO_PIC = NO;
				GCC_NO_COMMON_BLOCKS = YES;
				GCC_OPTIMIZATION_LEVEL = 0;
				GCC_PREPROCESSOR_DEFINITIONS = (
					"DEBUG=1",
					"$(inherited)",
				);
				GCC_WARN_64_TO_32_BIT_CONVERSION = YES;
				GCC_WARN_ABOUT_RETURN_TYPE = YES_ERROR;
				GCC_WARN_UNDECLARED_SELECTOR = YES;
				GCC_WARN_UNINITIALIZED_AUTOS = YES_AGGRESSIVE;
				GCC_WARN_UNUSED_FUNCTION = YES;
				GCC_WARN_UNUSED_VARIABLE = YES;
				IPHONEOS_DEPLOYMENT_TARGET = 17.0;
				LOCALIZATION_PREFERS_STRING_CATALOGS = YES;
				MTL_ENABLE_DEBUG_INFO = INCLUDE_SOURCE;
				MTL_FAST_MATH = YES;
				ONLY_ACTIVE_ARCH = YES;
				SDKROOT = iphoneos;
				SWIFT_ACTIVE_COMPILATION_CONDITIONS = "DEBUG $(inherited)";
				SWIFT_OPTIMIZATION_LEVEL = "-Onone";
			};
			name = Debug;
		};
		413953E82ADF6CA100AF483A /* Release */ = {
			isa = XCBuildConfiguration;
			buildSettings = {
				ALWAYS_SEARCH_USER_PATHS = NO;
				ASSETCATALOG_COMPILER_GENERATE_SWIFT_ASSET_SYMBOL_EXTENSIONS = YES;
				CLANG_ANALYZER_NONNULL = YES;
				CLANG_ANALYZER_NUMBER_OBJECT_CONVERSION = YES_AGGRESSIVE;
				CLANG_CXX_LANGUAGE_STANDARD = "gnu++20";
				CLANG_ENABLE_MODULES = YES;
				CLANG_ENABLE_OBJC_ARC = YES;
				CLANG_ENABLE_OBJC_WEAK = YES;
				CLANG_WARN_BLOCK_CAPTURE_AUTORELEASING = YES;
				CLANG_WARN_BOOL_CONVERSION = YES;
				CLANG_WARN_COMMA = YES;
				CLANG_WARN_CONSTANT_CONVERSION = YES;
				CLANG_WARN_DEPRECATED_OBJC_IMPLEMENTATIONS = YES;
				CLANG_WARN_DIRECT_OBJC_ISA_USAGE = YES_ERROR;
				CLANG_WARN_DOCUMENTATION_COMMENTS = YES;
				CLANG_WARN_EMPTY_BODY = YES;
				CLANG_WARN_ENUM_CONVERSION = YES;
				CLANG_WARN_INFINITE_RECURSION = YES;
				CLANG_WARN_INT_CONVERSION = YES;
				CLANG_WARN_NON_LITERAL_NULL_CONVERSION = YES;
				CLANG_WARN_OBJC_IMPLICIT_RETAIN_SELF = YES;
				CLANG_WARN_OBJC_LITERAL_CONVERSION = YES;
				CLANG_WARN_OBJC_ROOT_CLASS = YES_ERROR;
				CLANG_WARN_QUOTED_INCLUDE_IN_FRAMEWORK_HEADER = YES;
				CLANG_WARN_RANGE_LOOP_ANALYSIS = YES;
				CLANG_WARN_STRICT_PROTOTYPES = YES;
				CLANG_WARN_SUSPICIOUS_MOVE = YES;
				CLANG_WARN_UNGUARDED_AVAILABILITY = YES_AGGRESSIVE;
				CLANG_WARN_UNREACHABLE_CODE = YES;
				CLANG_WARN__DUPLICATE_METHOD_MATCH = YES;
				COPY_PHASE_STRIP = NO;
				DEBUG_INFORMATION_FORMAT = "dwarf-with-dsym";
				ENABLE_NS_ASSERTIONS = NO;
				ENABLE_STRICT_OBJC_MSGSEND = YES;
				ENABLE_USER_SCRIPT_SANDBOXING = YES;
				GCC_C_LANGUAGE_STANDARD = gnu17;
				GCC_NO_COMMON_BLOCKS = YES;
				GCC_WARN_64_TO_32_BIT_CONVERSION = YES;
				GCC_WARN_ABOUT_RETURN_TYPE = YES_ERROR;
				GCC_WARN_UNDECLARED_SELECTOR = YES;
				GCC_WARN_UNINITIALIZED_AUTOS = YES_AGGRESSIVE;
				GCC_WARN_UNUSED_FUNCTION = YES;
				GCC_WARN_UNUSED_VARIABLE = YES;
				IPHONEOS_DEPLOYMENT_TARGET = 17.0;
				LOCALIZATION_PREFERS_STRING_CATALOGS = YES;
				MTL_ENABLE_DEBUG_INFO = NO;
				MTL_FAST_MATH = YES;
				SDKROOT = iphoneos;
				SWIFT_COMPILATION_MODE = wholemodule;
				VALIDATE_PRODUCT = YES;
			};
			name = Release;
		};
		413953EA2ADF6CA100AF483A /* Debug */ = {
			isa = XCBuildConfiguration;
			buildSettings = {
				ASSETCATALOG_COMPILER_APPICON_NAME = AppIcon;
				ASSETCATALOG_COMPILER_GLOBAL_ACCENT_COLOR_NAME = AccentColor;
				CODE_SIGN_STYLE = Automatic;
				CURRENT_PROJECT_VERSION = 1;
				DEVELOPMENT_ASSET_PATHS = "\"PresentingViews/Preview Content\"";
				DEVELOPMENT_TEAM = CWCBRR328H;
				ENABLE_PREVIEWS = YES;
				GENERATE_INFOPLIST_FILE = YES;
				INFOPLIST_KEY_UIApplicationSceneManifest_Generation = YES;
				INFOPLIST_KEY_UIApplicationSupportsIndirectInputEvents = YES;
				INFOPLIST_KEY_UILaunchScreen_Generation = YES;
				INFOPLIST_KEY_UISupportedInterfaceOrientations_iPad = "UIInterfaceOrientationPortrait UIInterfaceOrientationPortraitUpsideDown UIInterfaceOrientationLandscapeLeft UIInterfaceOrientationLandscapeRight";
				INFOPLIST_KEY_UISupportedInterfaceOrientations_iPhone = "UIInterfaceOrientationPortrait UIInterfaceOrientationLandscapeLeft UIInterfaceOrientationLandscapeRight";
				LD_RUNPATH_SEARCH_PATHS = (
					"$(inherited)",
					"@executable_path/Frameworks",
				);
				MARKETING_VERSION = 1.0;
				PRODUCT_BUNDLE_IDENTIFIER = BJ914.PresentingViews;
				PRODUCT_NAME = "$(TARGET_NAME)";
				SWIFT_EMIT_LOC_STRINGS = YES;
				SWIFT_VERSION = 5.0;
				TARGETED_DEVICE_FAMILY = "1,2";
			};
			name = Debug;
		};
		413953EB2ADF6CA100AF483A /* Release */ = {
			isa = XCBuildConfiguration;
			buildSettings = {
				ASSETCATALOG_COMPILER_APPICON_NAME = AppIcon;
				ASSETCATALOG_COMPILER_GLOBAL_ACCENT_COLOR_NAME = AccentColor;
				CODE_SIGN_STYLE = Automatic;
				CURRENT_PROJECT_VERSION = 1;
				DEVELOPMENT_ASSET_PATHS = "\"PresentingViews/Preview Content\"";
				DEVELOPMENT_TEAM = CWCBRR328H;
				ENABLE_PREVIEWS = YES;
				GENERATE_INFOPLIST_FILE = YES;
				INFOPLIST_KEY_UIApplicationSceneManifest_Generation = YES;
				INFOPLIST_KEY_UIApplicationSupportsIndirectInputEvents = YES;
				INFOPLIST_KEY_UILaunchScreen_Generation = YES;
				INFOPLIST_KEY_UISupportedInterfaceOrientations_iPad = "UIInterfaceOrientationPortrait UIInterfaceOrientationPortraitUpsideDown UIInterfaceOrientationLandscapeLeft UIInterfaceOrientationLandscapeRight";
				INFOPLIST_KEY_UISupportedInterfaceOrientations_iPhone = "UIInterfaceOrientationPortrait UIInterfaceOrientationLandscapeLeft UIInterfaceOrientationLandscapeRight";
				LD_RUNPATH_SEARCH_PATHS = (
					"$(inherited)",
					"@executable_path/Frameworks",
				);
				MARKETING_VERSION = 1.0;
				PRODUCT_BUNDLE_IDENTIFIER = BJ914.PresentingViews;
				PRODUCT_NAME = "$(TARGET_NAME)";
				SWIFT_EMIT_LOC_STRINGS = YES;
				SWIFT_VERSION = 5.0;
				TARGETED_DEVICE_FAMILY = "1,2";
			};
			name = Release;
		};
/* End XCBuildConfiguration section */

/* Begin XCConfigurationList section */
		413953D62ADF6C9F00AF483A /* Build configuration list for PBXProject "PresentingViews" */ = {
			isa = XCConfigurationList;
			buildConfigurations = (
				413953E72ADF6CA100AF483A /* Debug */,
				413953E82ADF6CA100AF483A /* Release */,
			);
			defaultConfigurationIsVisible = 0;
			defaultConfigurationName = Release;
		};
		413953E92ADF6CA100AF483A /* Build configuration list for PBXNativeTarget "PresentingViews" */ = {
			isa = XCConfigurationList;
			buildConfigurations = (
				413953EA2ADF6CA100AF483A /* Debug */,
				413953EB2ADF6CA100AF483A /* Release */,
			);
			defaultConfigurationIsVisible = 0;
			defaultConfigurationName = Release;
		};
/* End XCConfigurationList section */
	};
	rootObject = 413953D32ADF6C9F00AF483A /* Project object */;
}
