// !$*UTF8*$!
{
	archiveVersion = 1;
	classes = {
	};
	objectVersion = 56;
	objects = {

/* Begin PBXBuildFile section */
		41223B162AC24AFF00A40F06 /* UserInterfaceControlsApp.swift in Sources */ = {isa = PBXBuildFile; fileRef = 41223B152AC24AFF00A40F06 /* UserInterfaceControlsApp.swift */; };
		41223B182AC24AFF00A40F06 /* ContentView.swift in Sources */ = {isa = PBXBuildFile; fileRef = 41223B172AC24AFF00A40F06 /* ContentView.swift */; };
		41223B1A2AC24B0000A40F06 /* Assets.xcassets in Resources */ = {isa = PBXBuildFile; fileRef = 41223B192AC24B0000A40F06 /* Assets.xcassets */; };
		41223B1D2AC24B0000A40F06 /* Preview Assets.xcassets in Resources */ = {isa = PBXBuildFile; fileRef = 41223B1C2AC24B0000A40F06 /* Preview Assets.xcassets */; };
		41223B252AC24D7300A40F06 /* CreateTappableButton.swift in Sources */ = {isa = PBXBuildFile; fileRef = 41223B242AC24D7300A40F06 /* CreateTappableButton.swift */; };
		41223B272AC3843400A40F06 /* BorderedButtons.swift in Sources */ = {isa = PBXBuildFile; fileRef = 41223B262AC3843400A40F06 /* BorderedButtons.swift */; };
		41223B2D2AC385FB00A40F06 /* ReadFromTextField.swift in Sources */ = {isa = PBXBuildFile; fileRef = 41223B2C2AC385FB00A40F06 /* ReadFromTextField.swift */; };
		41223B2F2AC3866700A40F06 /* ActionWhenUserSubmitsTextField.swift in Sources */ = {isa = PBXBuildFile; fileRef = 41223B2E2AC3866700A40F06 /* ActionWhenUserSubmitsTextField.swift */; };
		41223B332AC38A7200A40F06 /* DismissKeyboardForTextField.swift in Sources */ = {isa = PBXBuildFile; fileRef = 41223B322AC38A7200A40F06 /* DismissKeyboardForTextField.swift */; };
		41223B352AC38DB600A40F06 /* TextFieldExpandVertically.swift in Sources */ = {isa = PBXBuildFile; fileRef = 41223B342AC38DB600A40F06 /* TextFieldExpandVertically.swift */; };
		41223B372AC38E9500A40F06 /* FormatTextFieldNumbers.swift in Sources */ = {isa = PBXBuildFile; fileRef = 41223B362AC38E9500A40F06 /* FormatTextFieldNumbers.swift */; };
		41223B392AC38F6900A40F06 /* SecureTextwithSecureField.swift in Sources */ = {isa = PBXBuildFile; fileRef = 41223B382AC38F6900A40F06 /* SecureTextwithSecureField.swift */; };
		41223B3B2AC38FB600A40F06 /* CreateToggleSwitch.swift in Sources */ = {isa = PBXBuildFile; fileRef = 41223B3A2AC38FB600A40F06 /* CreateToggleSwitch.swift */; };
		41223B3D2AC3927200A40F06 /* CreateSliderReadValues.swift in Sources */ = {isa = PBXBuildFile; fileRef = 41223B3C2AC3927200A40F06 /* CreateSliderReadValues.swift */; };
		41223B3F2AC3997700A40F06 /* CreatePickerandReadValuesFromit.swift in Sources */ = {isa = PBXBuildFile; fileRef = 41223B3E2AC3997700A40F06 /* CreatePickerandReadValuesFromit.swift */; };
		41223B412AC399FE00A40F06 /* DatePickerandReadValues.swift in Sources */ = {isa = PBXBuildFile; fileRef = 41223B402AC399FE00A40F06 /* DatePickerandReadValues.swift */; };
		41223B432AC39B0600A40F06 /* SegmentedControlAndReadValues.swift in Sources */ = {isa = PBXBuildFile; fileRef = 41223B422AC39B0600A40F06 /* SegmentedControlAndReadValues.swift */; };
		41223B452AC39C2000A40F06 /* StepperandReadValuesFromIt.swift in Sources */ = {isa = PBXBuildFile; fileRef = 41223B442AC39C2000A40F06 /* StepperandReadValuesFromIt.swift */; };
		41223B472AC39CBB00A40F06 /* MultiLineEditableTextWithTextEditor.swift in Sources */ = {isa = PBXBuildFile; fileRef = 41223B462AC39CBB00A40F06 /* MultiLineEditableTextWithTextEditor.swift */; };
		41223B492AC39D0A00A40F06 /* UsersSelectColorWithColorPicker.swift in Sources */ = {isa = PBXBuildFile; fileRef = 41223B482AC39D0A00A40F06 /* UsersSelectColorWithColorPicker.swift */; };
		41223B4B2AC39DAE00A40F06 /* ProgessOnTaskUsingProgessView.swift in Sources */ = {isa = PBXBuildFile; fileRef = 41223B4A2AC39DAE00A40F06 /* ProgessOnTaskUsingProgessView.swift */; };
		41223B4D2AC39F0F00A40F06 /* ShowMapView.swift in Sources */ = {isa = PBXBuildFile; fileRef = 41223B4C2AC39F0F00A40F06 /* ShowMapView.swift */; };
/* End PBXBuildFile section */

/* Begin PBXFileReference section */
		41223B122AC24AFF00A40F06 /* UserInterfaceControls.app */ = {isa = PBXFileReference; explicitFileType = wrapper.application; includeInIndex = 0; path = UserInterfaceControls.app; sourceTree = BUILT_PRODUCTS_DIR; };
		41223B152AC24AFF00A40F06 /* UserInterfaceControlsApp.swift */ = {isa = PBXFileReference; lastKnownFileType = sourcecode.swift; path = UserInterfaceControlsApp.swift; sourceTree = "<group>"; };
		41223B172AC24AFF00A40F06 /* ContentView.swift */ = {isa = PBXFileReference; lastKnownFileType = sourcecode.swift; path = ContentView.swift; sourceTree = "<group>"; };
		41223B192AC24B0000A40F06 /* Assets.xcassets */ = {isa = PBXFileReference; lastKnownFileType = folder.assetcatalog; path = Assets.xcassets; sourceTree = "<group>"; };
		41223B1C2AC24B0000A40F06 /* Preview Assets.xcassets */ = {isa = PBXFileReference; lastKnownFileType = folder.assetcatalog; path = "Preview Assets.xcassets"; sourceTree = "<group>"; };
		41223B242AC24D7300A40F06 /* CreateTappableButton.swift */ = {isa = PBXFileReference; lastKnownFileType = sourcecode.swift; path = CreateTappableButton.swift; sourceTree = "<group>"; };
		41223B262AC3843400A40F06 /* BorderedButtons.swift */ = {isa = PBXFileReference; lastKnownFileType = sourcecode.swift; path = BorderedButtons.swift; sourceTree = "<group>"; };
		41223B2C2AC385FB00A40F06 /* ReadFromTextField.swift */ = {isa = PBXFileReference; lastKnownFileType = sourcecode.swift; path = ReadFromTextField.swift; sourceTree = "<group>"; };
		41223B2E2AC3866700A40F06 /* ActionWhenUserSubmitsTextField.swift */ = {isa = PBXFileReference; lastKnownFileType = sourcecode.swift; path = ActionWhenUserSubmitsTextField.swift; sourceTree = "<group>"; };
		41223B322AC38A7200A40F06 /* DismissKeyboardForTextField.swift */ = {isa = PBXFileReference; lastKnownFileType = sourcecode.swift; path = DismissKeyboardForTextField.swift; sourceTree = "<group>"; };
		41223B342AC38DB600A40F06 /* TextFieldExpandVertically.swift */ = {isa = PBXFileReference; lastKnownFileType = sourcecode.swift; path = TextFieldExpandVertically.swift; sourceTree = "<group>"; };
		41223B362AC38E9500A40F06 /* FormatTextFieldNumbers.swift */ = {isa = PBXFileReference; lastKnownFileType = sourcecode.swift; path = FormatTextFieldNumbers.swift; sourceTree = "<group>"; };
		41223B382AC38F6900A40F06 /* SecureTextwithSecureField.swift */ = {isa = PBXFileReference; lastKnownFileType = sourcecode.swift; path = SecureTextwithSecureField.swift; sourceTree = "<group>"; };
		41223B3A2AC38FB600A40F06 /* CreateToggleSwitch.swift */ = {isa = PBXFileReference; lastKnownFileType = sourcecode.swift; path = CreateToggleSwitch.swift; sourceTree = "<group>"; };
		41223B3C2AC3927200A40F06 /* CreateSliderReadValues.swift */ = {isa = PBXFileReference; lastKnownFileType = sourcecode.swift; path = CreateSliderReadValues.swift; sourceTree = "<group>"; };
		41223B3E2AC3997700A40F06 /* CreatePickerandReadValuesFromit.swift */ = {isa = PBXFileReference; lastKnownFileType = sourcecode.swift; path = CreatePickerandReadValuesFromit.swift; sourceTree = "<group>"; };
		41223B402AC399FE00A40F06 /* DatePickerandReadValues.swift */ = {isa = PBXFileReference; lastKnownFileType = sourcecode.swift; path = DatePickerandReadValues.swift; sourceTree = "<group>"; };
		41223B422AC39B0600A40F06 /* SegmentedControlAndReadValues.swift */ = {isa = PBXFileReference; lastKnownFileType = sourcecode.swift; path = SegmentedControlAndReadValues.swift; sourceTree = "<group>"; };
		41223B442AC39C2000A40F06 /* StepperandReadValuesFromIt.swift */ = {isa = PBXFileReference; lastKnownFileType = sourcecode.swift; path = StepperandReadValuesFromIt.swift; sourceTree = "<group>"; };
		41223B462AC39CBB00A40F06 /* MultiLineEditableTextWithTextEditor.swift */ = {isa = PBXFileReference; lastKnownFileType = sourcecode.swift; path = MultiLineEditableTextWithTextEditor.swift; sourceTree = "<group>"; };
		41223B482AC39D0A00A40F06 /* UsersSelectColorWithColorPicker.swift */ = {isa = PBXFileReference; lastKnownFileType = sourcecode.swift; path = UsersSelectColorWithColorPicker.swift; sourceTree = "<group>"; };
		41223B4A2AC39DAE00A40F06 /* ProgessOnTaskUsingProgessView.swift */ = {isa = PBXFileReference; lastKnownFileType = sourcecode.swift; path = ProgessOnTaskUsingProgessView.swift; sourceTree = "<group>"; };
		41223B4C2AC39F0F00A40F06 /* ShowMapView.swift */ = {isa = PBXFileReference; lastKnownFileType = sourcecode.swift; path = ShowMapView.swift; sourceTree = "<group>"; };
/* End PBXFileReference section */

/* Begin PBXFrameworksBuildPhase section */
		41223B0F2AC24AFF00A40F06 /* Frameworks */ = {
			isa = PBXFrameworksBuildPhase;
			buildActionMask = 2147483647;
			files = (
			);
			runOnlyForDeploymentPostprocessing = 0;
		};
/* End PBXFrameworksBuildPhase section */

/* Begin PBXGroup section */
		41223B092AC24AFF00A40F06 = {
			isa = PBXGroup;
			children = (
				41223B142AC24AFF00A40F06 /* UserInterfaceControls */,
				41223B132AC24AFF00A40F06 /* Products */,
			);
			sourceTree = "<group>";
		};
		41223B132AC24AFF00A40F06 /* Products */ = {
			isa = PBXGroup;
			children = (
				41223B122AC24AFF00A40F06 /* UserInterfaceControls.app */,
			);
			name = Products;
			sourceTree = "<group>";
		};
		41223B142AC24AFF00A40F06 /* UserInterfaceControls */ = {
			isa = PBXGroup;
			children = (
				41223B152AC24AFF00A40F06 /* UserInterfaceControlsApp.swift */,
				41223B172AC24AFF00A40F06 /* ContentView.swift */,
				41223B232AC24D5E00A40F06 /* Examples */,
				41223B192AC24B0000A40F06 /* Assets.xcassets */,
				41223B1B2AC24B0000A40F06 /* Preview Content */,
			);
			path = UserInterfaceControls;
			sourceTree = "<group>";
		};
		41223B1B2AC24B0000A40F06 /* Preview Content */ = {
			isa = PBXGroup;
			children = (
				41223B1C2AC24B0000A40F06 /* Preview Assets.xcassets */,
			);
			path = "Preview Content";
			sourceTree = "<group>";
		};
		41223B232AC24D5E00A40F06 /* Examples */ = {
			isa = PBXGroup;
			children = (
				41223B242AC24D7300A40F06 /* CreateTappableButton.swift */,
				41223B262AC3843400A40F06 /* BorderedButtons.swift */,
				41223B2C2AC385FB00A40F06 /* ReadFromTextField.swift */,
				41223B322AC38A7200A40F06 /* DismissKeyboardForTextField.swift */,
				41223B342AC38DB600A40F06 /* TextFieldExpandVertically.swift */,
				41223B362AC38E9500A40F06 /* FormatTextFieldNumbers.swift */,
				41223B382AC38F6900A40F06 /* SecureTextwithSecureField.swift */,
				41223B3A2AC38FB600A40F06 /* CreateToggleSwitch.swift */,
				41223B2E2AC3866700A40F06 /* ActionWhenUserSubmitsTextField.swift */,
				41223B3C2AC3927200A40F06 /* CreateSliderReadValues.swift */,
				41223B3E2AC3997700A40F06 /* CreatePickerandReadValuesFromit.swift */,
				41223B402AC399FE00A40F06 /* DatePickerandReadValues.swift */,
				41223B422AC39B0600A40F06 /* SegmentedControlAndReadValues.swift */,
				41223B442AC39C2000A40F06 /* StepperandReadValuesFromIt.swift */,
				41223B462AC39CBB00A40F06 /* MultiLineEditableTextWithTextEditor.swift */,
				41223B482AC39D0A00A40F06 /* UsersSelectColorWithColorPicker.swift */,
				41223B4A2AC39DAE00A40F06 /* ProgessOnTaskUsingProgessView.swift */,
				41223B4C2AC39F0F00A40F06 /* ShowMapView.swift */,
			);
			path = Examples;
			sourceTree = "<group>";
		};
/* End PBXGroup section */

/* Begin PBXNativeTarget section */
		41223B112AC24AFF00A40F06 /* UserInterfaceControls */ = {
			isa = PBXNativeTarget;
			buildConfigurationList = 41223B202AC24B0000A40F06 /* Build configuration list for PBXNativeTarget "UserInterfaceControls" */;
			buildPhases = (
				41223B0E2AC24AFF00A40F06 /* Sources */,
				41223B0F2AC24AFF00A40F06 /* Frameworks */,
				41223B102AC24AFF00A40F06 /* Resources */,
			);
			buildRules = (
			);
			dependencies = (
			);
			name = UserInterfaceControls;
			productName = UserInterfaceControls;
			productReference = 41223B122AC24AFF00A40F06 /* UserInterfaceControls.app */;
			productType = "com.apple.product-type.application";
		};
/* End PBXNativeTarget section */

/* Begin PBXProject section */
		41223B0A2AC24AFF00A40F06 /* Project object */ = {
			isa = PBXProject;
			attributes = {
				BuildIndependentTargetsInParallel = 1;
				LastSwiftUpdateCheck = 1500;
				LastUpgradeCheck = 1500;
				TargetAttributes = {
					41223B112AC24AFF00A40F06 = {
						CreatedOnToolsVersion = 15.0;
					};
				};
			};
			buildConfigurationList = 41223B0D2AC24AFF00A40F06 /* Build configuration list for PBXProject "UserInterfaceControls" */;
			compatibilityVersion = "Xcode 14.0";
			developmentRegion = en;
			hasScannedForEncodings = 0;
			knownRegions = (
				en,
				Base,
			);
			mainGroup = 41223B092AC24AFF00A40F06;
			productRefGroup = 41223B132AC24AFF00A40F06 /* Products */;
			projectDirPath = "";
			projectRoot = "";
			targets = (
				41223B112AC24AFF00A40F06 /* UserInterfaceControls */,
			);
		};
/* End PBXProject section */

/* Begin PBXResourcesBuildPhase section */
		41223B102AC24AFF00A40F06 /* Resources */ = {
			isa = PBXResourcesBuildPhase;
			buildActionMask = 2147483647;
			files = (
				41223B1D2AC24B0000A40F06 /* Preview Assets.xcassets in Resources */,
				41223B1A2AC24B0000A40F06 /* Assets.xcassets in Resources */,
			);
			runOnlyForDeploymentPostprocessing = 0;
		};
/* End PBXResourcesBuildPhase section */

/* Begin PBXSourcesBuildPhase section */
		41223B0E2AC24AFF00A40F06 /* Sources */ = {
			isa = PBXSourcesBuildPhase;
			buildActionMask = 2147483647;
			files = (
				41223B3B2AC38FB600A40F06 /* CreateToggleSwitch.swift in Sources */,
				41223B2F2AC3866700A40F06 /* ActionWhenUserSubmitsTextField.swift in Sources */,
				41223B4B2AC39DAE00A40F06 /* ProgessOnTaskUsingProgessView.swift in Sources */,
				41223B252AC24D7300A40F06 /* CreateTappableButton.swift in Sources */,
				41223B352AC38DB600A40F06 /* TextFieldExpandVertically.swift in Sources */,
				41223B392AC38F6900A40F06 /* SecureTextwithSecureField.swift in Sources */,
				41223B182AC24AFF00A40F06 /* ContentView.swift in Sources */,
				41223B492AC39D0A00A40F06 /* UsersSelectColorWithColorPicker.swift in Sources */,
				41223B332AC38A7200A40F06 /* DismissKeyboardForTextField.swift in Sources */,
				41223B432AC39B0600A40F06 /* SegmentedControlAndReadValues.swift in Sources */,
				41223B2D2AC385FB00A40F06 /* ReadFromTextField.swift in Sources */,
				41223B272AC3843400A40F06 /* BorderedButtons.swift in Sources */,
				41223B162AC24AFF00A40F06 /* UserInterfaceControlsApp.swift in Sources */,
				41223B3F2AC3997700A40F06 /* CreatePickerandReadValuesFromit.swift in Sources */,
				41223B4D2AC39F0F00A40F06 /* ShowMapView.swift in Sources */,
				41223B452AC39C2000A40F06 /* StepperandReadValuesFromIt.swift in Sources */,
				41223B412AC399FE00A40F06 /* DatePickerandReadValues.swift in Sources */,
				41223B3D2AC3927200A40F06 /* CreateSliderReadValues.swift in Sources */,
				41223B372AC38E9500A40F06 /* FormatTextFieldNumbers.swift in Sources */,
				41223B472AC39CBB00A40F06 /* MultiLineEditableTextWithTextEditor.swift in Sources */,
			);
			runOnlyForDeploymentPostprocessing = 0;
		};
/* End PBXSourcesBuildPhase section */

/* Begin XCBuildConfiguration section */
		41223B1E2AC24B0000A40F06 /* Debug */ = {
			isa = XCBuildConfiguration;
			buildSettings = {
				ALWAYS_SEARCH_USER_PATHS = NO;
				ASSETCATALOG_COMPILER_GENERATE_SWIFT_ASSET_SYMBOL_EXTENSIONS = YES;
				CLANG_ANALYZER_NONNULL = YES;
				CLANG_ANALYZER_NUMBER_OBJECT_CONVERSION = YES_AGGRESSIVE;
				CLANG_CXX_LANGUAGE_STANDARD = "gnu++20";
				CLANG_ENABLE_MODULES = YES;
				CLANG_ENABLE_OBJC_ARC = YES;
				CLANG_ENABLE_OBJC_WEAK = YES;
				CLANG_WARN_BLOCK_CAPTURE_AUTORELEASING = YES;
				CLANG_WARN_BOOL_CONVERSION = YES;
				CLANG_WARN_COMMA = YES;
				CLANG_WARN_CONSTANT_CONVERSION = YES;
				CLANG_WARN_DEPRECATED_OBJC_IMPLEMENTATIONS = YES;
				CLANG_WARN_DIRECT_OBJC_ISA_USAGE = YES_ERROR;
				CLANG_WARN_DOCUMENTATION_COMMENTS = YES;
				CLANG_WARN_EMPTY_BODY = YES;
				CLANG_WARN_ENUM_CONVERSION = YES;
				CLANG_WARN_INFINITE_RECURSION = YES;
				CLANG_WARN_INT_CONVERSION = YES;
				CLANG_WARN_NON_LITERAL_NULL_CONVERSION = YES;
				CLANG_WARN_OBJC_IMPLICIT_RETAIN_SELF = YES;
				CLANG_WARN_OBJC_LITERAL_CONVERSION = YES;
				CLANG_WARN_OBJC_ROOT_CLASS = YES_ERROR;
				CLANG_WARN_QUOTED_INCLUDE_IN_FRAMEWORK_HEADER = YES;
				CLANG_WARN_RANGE_LOOP_ANALYSIS = YES;
				CLANG_WARN_STRICT_PROTOTYPES = YES;
				CLANG_WARN_SUSPICIOUS_MOVE = YES;
				CLANG_WARN_UNGUARDED_AVAILABILITY = YES_AGGRESSIVE;
				CLANG_WARN_UNREACHABLE_CODE = YES;
				CLANG_WARN__DUPLICATE_METHOD_MATCH = YES;
				COPY_PHASE_STRIP = NO;
				DEBUG_INFORMATION_FORMAT = dwarf;
				ENABLE_STRICT_OBJC_MSGSEND = YES;
				ENABLE_TESTABILITY = YES;
				ENABLE_USER_SCRIPT_SANDBOXING = YES;
				GCC_C_LANGUAGE_STANDARD = gnu17;
				GCC_DYNAMIC_NO_PIC = NO;
				GCC_NO_COMMON_BLOCKS = YES;
				GCC_OPTIMIZATION_LEVEL = 0;
				GCC_PREPROCESSOR_DEFINITIONS = (
					"DEBUG=1",
					"$(inherited)",
				);
				GCC_WARN_64_TO_32_BIT_CONVERSION = YES;
				GCC_WARN_ABOUT_RETURN_TYPE = YES_ERROR;
				GCC_WARN_UNDECLARED_SELECTOR = YES;
				GCC_WARN_UNINITIALIZED_AUTOS = YES_AGGRESSIVE;
				GCC_WARN_UNUSED_FUNCTION = YES;
				GCC_WARN_UNUSED_VARIABLE = YES;
				IPHONEOS_DEPLOYMENT_TARGET = 17.0;
				LOCALIZATION_PREFERS_STRING_CATALOGS = YES;
				MTL_ENABLE_DEBUG_INFO = INCLUDE_SOURCE;
				MTL_FAST_MATH = YES;
				ONLY_ACTIVE_ARCH = YES;
				SDKROOT = iphoneos;
				SWIFT_ACTIVE_COMPILATION_CONDITIONS = "DEBUG $(inherited)";
				SWIFT_OPTIMIZATION_LEVEL = "-Onone";
			};
			name = Debug;
		};
		41223B1F2AC24B0000A40F06 /* Release */ = {
			isa = XCBuildConfiguration;
			buildSettings = {
				ALWAYS_SEARCH_USER_PATHS = NO;
				ASSETCATALOG_COMPILER_GENERATE_SWIFT_ASSET_SYMBOL_EXTENSIONS = YES;
				CLANG_ANALYZER_NONNULL = YES;
				CLANG_ANALYZER_NUMBER_OBJECT_CONVERSION = YES_AGGRESSIVE;
				CLANG_CXX_LANGUAGE_STANDARD = "gnu++20";
				CLANG_ENABLE_MODULES = YES;
				CLANG_ENABLE_OBJC_ARC = YES;
				CLANG_ENABLE_OBJC_WEAK = YES;
				CLANG_WARN_BLOCK_CAPTURE_AUTORELEASING = YES;
				CLANG_WARN_BOOL_CONVERSION = YES;
				CLANG_WARN_COMMA = YES;
				CLANG_WARN_CONSTANT_CONVERSION = YES;
				CLANG_WARN_DEPRECATED_OBJC_IMPLEMENTATIONS = YES;
				CLANG_WARN_DIRECT_OBJC_ISA_USAGE = YES_ERROR;
				CLANG_WARN_DOCUMENTATION_COMMENTS = YES;
				CLANG_WARN_EMPTY_BODY = YES;
				CLANG_WARN_ENUM_CONVERSION = YES;
				CLANG_WARN_INFINITE_RECURSION = YES;
				CLANG_WARN_INT_CONVERSION = YES;
				CLANG_WARN_NON_LITERAL_NULL_CONVERSION = YES;
				CLANG_WARN_OBJC_IMPLICIT_RETAIN_SELF = YES;
				CLANG_WARN_OBJC_LITERAL_CONVERSION = YES;
				CLANG_WARN_OBJC_ROOT_CLASS = YES_ERROR;
				CLANG_WARN_QUOTED_INCLUDE_IN_FRAMEWORK_HEADER = YES;
				CLANG_WARN_RANGE_LOOP_ANALYSIS = YES;
				CLANG_WARN_STRICT_PROTOTYPES = YES;
				CLANG_WARN_SUSPICIOUS_MOVE = YES;
				CLANG_WARN_UNGUARDED_AVAILABILITY = YES_AGGRESSIVE;
				CLANG_WARN_UNREACHABLE_CODE = YES;
				CLANG_WARN__DUPLICATE_METHOD_MATCH = YES;
				COPY_PHASE_STRIP = NO;
				DEBUG_INFORMATION_FORMAT = "dwarf-with-dsym";
				ENABLE_NS_ASSERTIONS = NO;
				ENABLE_STRICT_OBJC_MSGSEND = YES;
				ENABLE_USER_SCRIPT_SANDBOXING = YES;
				GCC_C_LANGUAGE_STANDARD = gnu17;
				GCC_NO_COMMON_BLOCKS = YES;
				GCC_WARN_64_TO_32_BIT_CONVERSION = YES;
				GCC_WARN_ABOUT_RETURN_TYPE = YES_ERROR;
				GCC_WARN_UNDECLARED_SELECTOR = YES;
				GCC_WARN_UNINITIALIZED_AUTOS = YES_AGGRESSIVE;
				GCC_WARN_UNUSED_FUNCTION = YES;
				GCC_WARN_UNUSED_VARIABLE = YES;
				IPHONEOS_DEPLOYMENT_TARGET = 17.0;
				LOCALIZATION_PREFERS_STRING_CATALOGS = YES;
				MTL_ENABLE_DEBUG_INFO = NO;
				MTL_FAST_MATH = YES;
				SDKROOT = iphoneos;
				SWIFT_COMPILATION_MODE = wholemodule;
				VALIDATE_PRODUCT = YES;
			};
			name = Release;
		};
		41223B212AC24B0000A40F06 /* Debug */ = {
			isa = XCBuildConfiguration;
			buildSettings = {
				ASSETCATALOG_COMPILER_APPICON_NAME = AppIcon;
				ASSETCATALOG_COMPILER_GLOBAL_ACCENT_COLOR_NAME = AccentColor;
				CODE_SIGN_STYLE = Automatic;
				CURRENT_PROJECT_VERSION = 1;
				DEVELOPMENT_ASSET_PATHS = "\"UserInterfaceControls/Preview Content\"";
				DEVELOPMENT_TEAM = CWCBRR328H;
				ENABLE_PREVIEWS = YES;
				GENERATE_INFOPLIST_FILE = YES;
				INFOPLIST_KEY_UIApplicationSceneManifest_Generation = YES;
				INFOPLIST_KEY_UIApplicationSupportsIndirectInputEvents = YES;
				INFOPLIST_KEY_UILaunchScreen_Generation = YES;
				INFOPLIST_KEY_UISupportedInterfaceOrientations_iPad = "UIInterfaceOrientationPortrait UIInterfaceOrientationPortraitUpsideDown UIInterfaceOrientationLandscapeLeft UIInterfaceOrientationLandscapeRight";
				INFOPLIST_KEY_UISupportedInterfaceOrientations_iPhone = "UIInterfaceOrientationPortrait UIInterfaceOrientationLandscapeLeft UIInterfaceOrientationLandscapeRight";
				LD_RUNPATH_SEARCH_PATHS = (
					"$(inherited)",
					"@executable_path/Frameworks",
				);
				MARKETING_VERSION = 1.0;
				PRODUCT_BUNDLE_IDENTIFIER = BJ914.UserInterfaceControls;
				PRODUCT_NAME = "$(TARGET_NAME)";
				SWIFT_EMIT_LOC_STRINGS = YES;
				SWIFT_VERSION = 5.0;
				TARGETED_DEVICE_FAMILY = "1,2";
			};
			name = Debug;
		};
		41223B222AC24B0000A40F06 /* Release */ = {
			isa = XCBuildConfiguration;
			buildSettings = {
				ASSETCATALOG_COMPILER_APPICON_NAME = AppIcon;
				ASSETCATALOG_COMPILER_GLOBAL_ACCENT_COLOR_NAME = AccentColor;
				CODE_SIGN_STYLE = Automatic;
				CURRENT_PROJECT_VERSION = 1;
				DEVELOPMENT_ASSET_PATHS = "\"UserInterfaceControls/Preview Content\"";
				DEVELOPMENT_TEAM = CWCBRR328H;
				ENABLE_PREVIEWS = YES;
				GENERATE_INFOPLIST_FILE = YES;
				INFOPLIST_KEY_UIApplicationSceneManifest_Generation = YES;
				INFOPLIST_KEY_UIApplicationSupportsIndirectInputEvents = YES;
				INFOPLIST_KEY_UILaunchScreen_Generation = YES;
				INFOPLIST_KEY_UISupportedInterfaceOrientations_iPad = "UIInterfaceOrientationPortrait UIInterfaceOrientationPortraitUpsideDown UIInterfaceOrientationLandscapeLeft UIInterfaceOrientationLandscapeRight";
				INFOPLIST_KEY_UISupportedInterfaceOrientations_iPhone = "UIInterfaceOrientationPortrait UIInterfaceOrientationLandscapeLeft UIInterfaceOrientationLandscapeRight";
				LD_RUNPATH_SEARCH_PATHS = (
					"$(inherited)",
					"@executable_path/Frameworks",
				);
				MARKETING_VERSION = 1.0;
				PRODUCT_BUNDLE_IDENTIFIER = BJ914.UserInterfaceControls;
				PRODUCT_NAME = "$(TARGET_NAME)";
				SWIFT_EMIT_LOC_STRINGS = YES;
				SWIFT_VERSION = 5.0;
				TARGETED_DEVICE_FAMILY = "1,2";
			};
			name = Release;
		};
/* End XCBuildConfiguration section */

/* Begin XCConfigurationList section */
		41223B0D2AC24AFF00A40F06 /* Build configuration list for PBXProject "UserInterfaceControls" */ = {
			isa = XCConfigurationList;
			buildConfigurations = (
				41223B1E2AC24B0000A40F06 /* Debug */,
				41223B1F2AC24B0000A40F06 /* Release */,
			);
			defaultConfigurationIsVisible = 0;
			defaultConfigurationName = Release;
		};
		41223B202AC24B0000A40F06 /* Build configuration list for PBXNativeTarget "UserInterfaceControls" */ = {
			isa = XCConfigurationList;
			buildConfigurations = (
				41223B212AC24B0000A40F06 /* Debug */,
				41223B222AC24B0000A40F06 /* Release */,
			);
			defaultConfigurationIsVisible = 0;
			defaultConfigurationName = Release;
		};
/* End XCConfigurationList section */
	};
	rootObject = 41223B0A2AC24AFF00A40F06 /* Project object */;
}
