// !$*UTF8*$!
{
	archiveVersion = 1;
	classes = {
	};
	objectVersion = 56;
	objects = {

/* Begin PBXBuildFile section */
		41F653AC2AB5183700DFB929 /* ImagesShapesMediaApp.swift in Sources */ = {isa = PBXBuildFile; fileRef = 41F653AB2AB5183700DFB929 /* ImagesShapesMediaApp.swift */; };
		41F653AE2AB5183700DFB929 /* ContentView.swift in Sources */ = {isa = PBXBuildFile; fileRef = 41F653AD2AB5183700DFB929 /* ContentView.swift */; };
		41F653B02AB5183800DFB929 /* Assets.xcassets in Resources */ = {isa = PBXBuildFile; fileRef = 41F653AF2AB5183800DFB929 /* Assets.xcassets */; };
		41F653B32AB5183800DFB929 /* Preview Assets.xcassets in Resources */ = {isa = PBXBuildFile; fileRef = 41F653B22AB5183800DFB929 /* Preview Assets.xcassets */; };
		41F653BA2AB51DF000DFB929 /* RenderSFSymbols.swift in Sources */ = {isa = PBXBuildFile; fileRef = 41F653B92AB51DF000DFB929 /* RenderSFSymbols.swift */; };
		41F653BD2AB51F0700DFB929 /* renderGradient.swift in Sources */ = {isa = PBXBuildFile; fileRef = 41F653BC2AB51F0700DFB929 /* renderGradient.swift */; };
		41F653BF2AB5232000DFB929 /* ImagesAsBackgrounds.swift in Sources */ = {isa = PBXBuildFile; fileRef = 41F653BE2AB5232000DFB929 /* ImagesAsBackgrounds.swift */; };
		41F653C12AB524DE00DFB929 /* DisplaySolidShapes.swift in Sources */ = {isa = PBXBuildFile; fileRef = 41F653C02AB524DE00DFB929 /* DisplaySolidShapes.swift */; };
		41F653C32AB528A700DFB929 /* FillStrokeTrimShapes.swift in Sources */ = {isa = PBXBuildFile; fileRef = 41F653C22AB528A700DFB929 /* FillStrokeTrimShapes.swift */; };
		41F653C52AB8FDBC00DFB929 /* ContainerRelativeShapeEx.swift in Sources */ = {isa = PBXBuildFile; fileRef = 41F653C42AB8FDBC00DFB929 /* ContainerRelativeShapeEx.swift */; };
		41F653C72AB8FE5300DFB929 /* Videos.swift in Sources */ = {isa = PBXBuildFile; fileRef = 41F653C62AB8FE5300DFB929 /* Videos.swift */; };
		41F653C92AB8FFAA00DFB929 /* SpriteKitUsingSpriteView.swift in Sources */ = {isa = PBXBuildFile; fileRef = 41F653C82AB8FFAA00DFB929 /* SpriteKitUsingSpriteView.swift */; };
		41F653CB2AB902D000DFB929 /* loadRemoteImagefromURL.swift in Sources */ = {isa = PBXBuildFile; fileRef = 41F653CA2AB902D000DFB929 /* loadRemoteImagefromURL.swift */; };
		41F653CD2AB9041A00DFB929 /* ColorsTransparencySFsymbols.swift in Sources */ = {isa = PBXBuildFile; fileRef = 41F653CC2AB9041A00DFB929 /* ColorsTransparencySFsymbols.swift */; };
		41F653CF2AB9082000DFB929 /* UserSelectPicturesPhotosPicker.swift in Sources */ = {isa = PBXBuildFile; fileRef = 41F653CE2AB9082000DFB929 /* UserSelectPicturesPhotosPicker.swift */; };
/* End PBXBuildFile section */

/* Begin PBXFileReference section */
		41F653A82AB5183700DFB929 /* ImagesShapesMedia.app */ = {isa = PBXFileReference; explicitFileType = wrapper.application; includeInIndex = 0; path = ImagesShapesMedia.app; sourceTree = BUILT_PRODUCTS_DIR; };
		41F653AB2AB5183700DFB929 /* ImagesShapesMediaApp.swift */ = {isa = PBXFileReference; lastKnownFileType = sourcecode.swift; path = ImagesShapesMediaApp.swift; sourceTree = "<group>"; };
		41F653AD2AB5183700DFB929 /* ContentView.swift */ = {isa = PBXFileReference; lastKnownFileType = sourcecode.swift; path = ContentView.swift; sourceTree = "<group>"; };
		41F653AF2AB5183800DFB929 /* Assets.xcassets */ = {isa = PBXFileReference; lastKnownFileType = folder.assetcatalog; path = Assets.xcassets; sourceTree = "<group>"; };
		41F653B22AB5183800DFB929 /* Preview Assets.xcassets */ = {isa = PBXFileReference; lastKnownFileType = folder.assetcatalog; path = "Preview Assets.xcassets"; sourceTree = "<group>"; };
		41F653B92AB51DF000DFB929 /* RenderSFSymbols.swift */ = {isa = PBXFileReference; lastKnownFileType = sourcecode.swift; path = RenderSFSymbols.swift; sourceTree = "<group>"; };
		41F653BC2AB51F0700DFB929 /* renderGradient.swift */ = {isa = PBXFileReference; lastKnownFileType = sourcecode.swift; path = renderGradient.swift; sourceTree = "<group>"; };
		41F653BE2AB5232000DFB929 /* ImagesAsBackgrounds.swift */ = {isa = PBXFileReference; lastKnownFileType = sourcecode.swift; path = ImagesAsBackgrounds.swift; sourceTree = "<group>"; };
		41F653C02AB524DE00DFB929 /* DisplaySolidShapes.swift */ = {isa = PBXFileReference; lastKnownFileType = sourcecode.swift; path = DisplaySolidShapes.swift; sourceTree = "<group>"; };
		41F653C22AB528A700DFB929 /* FillStrokeTrimShapes.swift */ = {isa = PBXFileReference; lastKnownFileType = sourcecode.swift; path = FillStrokeTrimShapes.swift; sourceTree = "<group>"; };
		41F653C42AB8FDBC00DFB929 /* ContainerRelativeShapeEx.swift */ = {isa = PBXFileReference; lastKnownFileType = sourcecode.swift; path = ContainerRelativeShapeEx.swift; sourceTree = "<group>"; };
		41F653C62AB8FE5300DFB929 /* Videos.swift */ = {isa = PBXFileReference; lastKnownFileType = sourcecode.swift; path = Videos.swift; sourceTree = "<group>"; };
		41F653C82AB8FFAA00DFB929 /* SpriteKitUsingSpriteView.swift */ = {isa = PBXFileReference; lastKnownFileType = sourcecode.swift; path = SpriteKitUsingSpriteView.swift; sourceTree = "<group>"; };
		41F653CA2AB902D000DFB929 /* loadRemoteImagefromURL.swift */ = {isa = PBXFileReference; lastKnownFileType = sourcecode.swift; path = loadRemoteImagefromURL.swift; sourceTree = "<group>"; };
		41F653CC2AB9041A00DFB929 /* ColorsTransparencySFsymbols.swift */ = {isa = PBXFileReference; lastKnownFileType = sourcecode.swift; path = ColorsTransparencySFsymbols.swift; sourceTree = "<group>"; };
		41F653CE2AB9082000DFB929 /* UserSelectPicturesPhotosPicker.swift */ = {isa = PBXFileReference; lastKnownFileType = sourcecode.swift; path = UserSelectPicturesPhotosPicker.swift; sourceTree = "<group>"; };
/* End PBXFileReference section */

/* Begin PBXFrameworksBuildPhase section */
		41F653A52AB5183700DFB929 /* Frameworks */ = {
			isa = PBXFrameworksBuildPhase;
			buildActionMask = 2147483647;
			files = (
			);
			runOnlyForDeploymentPostprocessing = 0;
		};
/* End PBXFrameworksBuildPhase section */

/* Begin PBXGroup section */
		41F6539F2AB5183700DFB929 = {
			isa = PBXGroup;
			children = (
				41F653AA2AB5183700DFB929 /* ImagesShapesMedia */,
				41F653A92AB5183700DFB929 /* Products */,
			);
			sourceTree = "<group>";
		};
		41F653A92AB5183700DFB929 /* Products */ = {
			isa = PBXGroup;
			children = (
				41F653A82AB5183700DFB929 /* ImagesShapesMedia.app */,
			);
			name = Products;
			sourceTree = "<group>";
		};
		41F653AA2AB5183700DFB929 /* ImagesShapesMedia */ = {
			isa = PBXGroup;
			children = (
				41F653AB2AB5183700DFB929 /* ImagesShapesMediaApp.swift */,
				41F653AD2AB5183700DFB929 /* ContentView.swift */,
				41F653BB2AB51DF400DFB929 /* Example */,
				41F653AF2AB5183800DFB929 /* Assets.xcassets */,
				41F653B12AB5183800DFB929 /* Preview Content */,
			);
			path = ImagesShapesMedia;
			sourceTree = "<group>";
		};
		41F653B12AB5183800DFB929 /* Preview Content */ = {
			isa = PBXGroup;
			children = (
				41F653B22AB5183800DFB929 /* Preview Assets.xcassets */,
			);
			path = "Preview Content";
			sourceTree = "<group>";
		};
		41F653BB2AB51DF400DFB929 /* Example */ = {
			isa = PBXGroup;
			children = (
				41F653B92AB51DF000DFB929 /* RenderSFSymbols.swift */,
				41F653BC2AB51F0700DFB929 /* renderGradient.swift */,
				41F653BE2AB5232000DFB929 /* ImagesAsBackgrounds.swift */,
				41F653C02AB524DE00DFB929 /* DisplaySolidShapes.swift */,
				41F653C22AB528A700DFB929 /* FillStrokeTrimShapes.swift */,
				41F653C42AB8FDBC00DFB929 /* ContainerRelativeShapeEx.swift */,
				41F653C62AB8FE5300DFB929 /* Videos.swift */,
				41F653C82AB8FFAA00DFB929 /* SpriteKitUsingSpriteView.swift */,
				41F653CA2AB902D000DFB929 /* loadRemoteImagefromURL.swift */,
				41F653CC2AB9041A00DFB929 /* ColorsTransparencySFsymbols.swift */,
				41F653CE2AB9082000DFB929 /* UserSelectPicturesPhotosPicker.swift */,
			);
			path = Example;
			sourceTree = "<group>";
		};
/* End PBXGroup section */

/* Begin PBXNativeTarget section */
		41F653A72AB5183700DFB929 /* ImagesShapesMedia */ = {
			isa = PBXNativeTarget;
			buildConfigurationList = 41F653B62AB5183800DFB929 /* Build configuration list for PBXNativeTarget "ImagesShapesMedia" */;
			buildPhases = (
				41F653A42AB5183700DFB929 /* Sources */,
				41F653A52AB5183700DFB929 /* Frameworks */,
				41F653A62AB5183700DFB929 /* Resources */,
			);
			buildRules = (
			);
			dependencies = (
			);
			name = ImagesShapesMedia;
			productName = ImagesShapesMedia;
			productReference = 41F653A82AB5183700DFB929 /* ImagesShapesMedia.app */;
			productType = "com.apple.product-type.application";
		};
/* End PBXNativeTarget section */

/* Begin PBXProject section */
		41F653A02AB5183700DFB929 /* Project object */ = {
			isa = PBXProject;
			attributes = {
				BuildIndependentTargetsInParallel = 1;
				LastSwiftUpdateCheck = 1430;
				LastUpgradeCheck = 1430;
				TargetAttributes = {
					41F653A72AB5183700DFB929 = {
						CreatedOnToolsVersion = 14.3.1;
					};
				};
			};
			buildConfigurationList = 41F653A32AB5183700DFB929 /* Build configuration list for PBXProject "ImagesShapesMedia" */;
			compatibilityVersion = "Xcode 14.0";
			developmentRegion = en;
			hasScannedForEncodings = 0;
			knownRegions = (
				en,
				Base,
			);
			mainGroup = 41F6539F2AB5183700DFB929;
			productRefGroup = 41F653A92AB5183700DFB929 /* Products */;
			projectDirPath = "";
			projectRoot = "";
			targets = (
				41F653A72AB5183700DFB929 /* ImagesShapesMedia */,
			);
		};
/* End PBXProject section */

/* Begin PBXResourcesBuildPhase section */
		41F653A62AB5183700DFB929 /* Resources */ = {
			isa = PBXResourcesBuildPhase;
			buildActionMask = 2147483647;
			files = (
				41F653B32AB5183800DFB929 /* Preview Assets.xcassets in Resources */,
				41F653B02AB5183800DFB929 /* Assets.xcassets in Resources */,
			);
			runOnlyForDeploymentPostprocessing = 0;
		};
/* End PBXResourcesBuildPhase section */

/* Begin PBXSourcesBuildPhase section */
		41F653A42AB5183700DFB929 /* Sources */ = {
			isa = PBXSourcesBuildPhase;
			buildActionMask = 2147483647;
			files = (
				41F653CF2AB9082000DFB929 /* UserSelectPicturesPhotosPicker.swift in Sources */,
				41F653AE2AB5183700DFB929 /* ContentView.swift in Sources */,
				41F653BD2AB51F0700DFB929 /* renderGradient.swift in Sources */,
				41F653C32AB528A700DFB929 /* FillStrokeTrimShapes.swift in Sources */,
				41F653BF2AB5232000DFB929 /* ImagesAsBackgrounds.swift in Sources */,
				41F653AC2AB5183700DFB929 /* ImagesShapesMediaApp.swift in Sources */,
				41F653CB2AB902D000DFB929 /* loadRemoteImagefromURL.swift in Sources */,
				41F653C12AB524DE00DFB929 /* DisplaySolidShapes.swift in Sources */,
				41F653C72AB8FE5300DFB929 /* Videos.swift in Sources */,
				41F653C52AB8FDBC00DFB929 /* ContainerRelativeShapeEx.swift in Sources */,
				41F653C92AB8FFAA00DFB929 /* SpriteKitUsingSpriteView.swift in Sources */,
				41F653CD2AB9041A00DFB929 /* ColorsTransparencySFsymbols.swift in Sources */,
				41F653BA2AB51DF000DFB929 /* RenderSFSymbols.swift in Sources */,
			);
			runOnlyForDeploymentPostprocessing = 0;
		};
/* End PBXSourcesBuildPhase section */

/* Begin XCBuildConfiguration section */
		41F653B42AB5183800DFB929 /* Debug */ = {
			isa = XCBuildConfiguration;
			buildSettings = {
				ALWAYS_SEARCH_USER_PATHS = NO;
				CLANG_ANALYZER_NONNULL = YES;
				CLANG_ANALYZER_NUMBER_OBJECT_CONVERSION = YES_AGGRESSIVE;
				CLANG_CXX_LANGUAGE_STANDARD = "gnu++20";
				CLANG_ENABLE_MODULES = YES;
				CLANG_ENABLE_OBJC_ARC = YES;
				CLANG_ENABLE_OBJC_WEAK = YES;
				CLANG_WARN_BLOCK_CAPTURE_AUTORELEASING = YES;
				CLANG_WARN_BOOL_CONVERSION = YES;
				CLANG_WARN_COMMA = YES;
				CLANG_WARN_CONSTANT_CONVERSION = YES;
				CLANG_WARN_DEPRECATED_OBJC_IMPLEMENTATIONS = YES;
				CLANG_WARN_DIRECT_OBJC_ISA_USAGE = YES_ERROR;
				CLANG_WARN_DOCUMENTATION_COMMENTS = YES;
				CLANG_WARN_EMPTY_BODY = YES;
				CLANG_WARN_ENUM_CONVERSION = YES;
				CLANG_WARN_INFINITE_RECURSION = YES;
				CLANG_WARN_INT_CONVERSION = YES;
				CLANG_WARN_NON_LITERAL_NULL_CONVERSION = YES;
				CLANG_WARN_OBJC_IMPLICIT_RETAIN_SELF = YES;
				CLANG_WARN_OBJC_LITERAL_CONVERSION = YES;
				CLANG_WARN_OBJC_ROOT_CLASS = YES_ERROR;
				CLANG_WARN_QUOTED_INCLUDE_IN_FRAMEWORK_HEADER = YES;
				CLANG_WARN_RANGE_LOOP_ANALYSIS = YES;
				CLANG_WARN_STRICT_PROTOTYPES = YES;
				CLANG_WARN_SUSPICIOUS_MOVE = YES;
				CLANG_WARN_UNGUARDED_AVAILABILITY = YES_AGGRESSIVE;
				CLANG_WARN_UNREACHABLE_CODE = YES;
				CLANG_WARN__DUPLICATE_METHOD_MATCH = YES;
				COPY_PHASE_STRIP = NO;
				DEBUG_INFORMATION_FORMAT = dwarf;
				ENABLE_STRICT_OBJC_MSGSEND = YES;
				ENABLE_TESTABILITY = YES;
				GCC_C_LANGUAGE_STANDARD = gnu11;
				GCC_DYNAMIC_NO_PIC = NO;
				GCC_NO_COMMON_BLOCKS = YES;
				GCC_OPTIMIZATION_LEVEL = 0;
				GCC_PREPROCESSOR_DEFINITIONS = (
					"DEBUG=1",
					"$(inherited)",
				);
				GCC_WARN_64_TO_32_BIT_CONVERSION = YES;
				GCC_WARN_ABOUT_RETURN_TYPE = YES_ERROR;
				GCC_WARN_UNDECLARED_SELECTOR = YES;
				GCC_WARN_UNINITIALIZED_AUTOS = YES_AGGRESSIVE;
				GCC_WARN_UNUSED_FUNCTION = YES;
				GCC_WARN_UNUSED_VARIABLE = YES;
				IPHONEOS_DEPLOYMENT_TARGET = 16.4;
				MTL_ENABLE_DEBUG_INFO = INCLUDE_SOURCE;
				MTL_FAST_MATH = YES;
				ONLY_ACTIVE_ARCH = YES;
				SDKROOT = iphoneos;
				SWIFT_ACTIVE_COMPILATION_CONDITIONS = DEBUG;
				SWIFT_OPTIMIZATION_LEVEL = "-Onone";
			};
			name = Debug;
		};
		41F653B52AB5183800DFB929 /* Release */ = {
			isa = XCBuildConfiguration;
			buildSettings = {
				ALWAYS_SEARCH_USER_PATHS = NO;
				CLANG_ANALYZER_NONNULL = YES;
				CLANG_ANALYZER_NUMBER_OBJECT_CONVERSION = YES_AGGRESSIVE;
				CLANG_CXX_LANGUAGE_STANDARD = "gnu++20";
				CLANG_ENABLE_MODULES = YES;
				CLANG_ENABLE_OBJC_ARC = YES;
				CLANG_ENABLE_OBJC_WEAK = YES;
				CLANG_WARN_BLOCK_CAPTURE_AUTORELEASING = YES;
				CLANG_WARN_BOOL_CONVERSION = YES;
				CLANG_WARN_COMMA = YES;
				CLANG_WARN_CONSTANT_CONVERSION = YES;
				CLANG_WARN_DEPRECATED_OBJC_IMPLEMENTATIONS = YES;
				CLANG_WARN_DIRECT_OBJC_ISA_USAGE = YES_ERROR;
				CLANG_WARN_DOCUMENTATION_COMMENTS = YES;
				CLANG_WARN_EMPTY_BODY = YES;
				CLANG_WARN_ENUM_CONVERSION = YES;
				CLANG_WARN_INFINITE_RECURSION = YES;
				CLANG_WARN_INT_CONVERSION = YES;
				CLANG_WARN_NON_LITERAL_NULL_CONVERSION = YES;
				CLANG_WARN_OBJC_IMPLICIT_RETAIN_SELF = YES;
				CLANG_WARN_OBJC_LITERAL_CONVERSION = YES;
				CLANG_WARN_OBJC_ROOT_CLASS = YES_ERROR;
				CLANG_WARN_QUOTED_INCLUDE_IN_FRAMEWORK_HEADER = YES;
				CLANG_WARN_RANGE_LOOP_ANALYSIS = YES;
				CLANG_WARN_STRICT_PROTOTYPES = YES;
				CLANG_WARN_SUSPICIOUS_MOVE = YES;
				CLANG_WARN_UNGUARDED_AVAILABILITY = YES_AGGRESSIVE;
				CLANG_WARN_UNREACHABLE_CODE = YES;
				CLANG_WARN__DUPLICATE_METHOD_MATCH = YES;
				COPY_PHASE_STRIP = NO;
				DEBUG_INFORMATION_FORMAT = "dwarf-with-dsym";
				ENABLE_NS_ASSERTIONS = NO;
				ENABLE_STRICT_OBJC_MSGSEND = YES;
				GCC_C_LANGUAGE_STANDARD = gnu11;
				GCC_NO_COMMON_BLOCKS = YES;
				GCC_WARN_64_TO_32_BIT_CONVERSION = YES;
				GCC_WARN_ABOUT_RETURN_TYPE = YES_ERROR;
				GCC_WARN_UNDECLARED_SELECTOR = YES;
				GCC_WARN_UNINITIALIZED_AUTOS = YES_AGGRESSIVE;
				GCC_WARN_UNUSED_FUNCTION = YES;
				GCC_WARN_UNUSED_VARIABLE = YES;
				IPHONEOS_DEPLOYMENT_TARGET = 16.4;
				MTL_ENABLE_DEBUG_INFO = NO;
				MTL_FAST_MATH = YES;
				SDKROOT = iphoneos;
				SWIFT_COMPILATION_MODE = wholemodule;
				SWIFT_OPTIMIZATION_LEVEL = "-O";
				VALIDATE_PRODUCT = YES;
			};
			name = Release;
		};
		41F653B72AB5183800DFB929 /* Debug */ = {
			isa = XCBuildConfiguration;
			buildSettings = {
				ASSETCATALOG_COMPILER_APPICON_NAME = AppIcon;
				ASSETCATALOG_COMPILER_GLOBAL_ACCENT_COLOR_NAME = AccentColor;
				CODE_SIGN_STYLE = Automatic;
				CURRENT_PROJECT_VERSION = 1;
				DEVELOPMENT_ASSET_PATHS = "\"ImagesShapesMedia/Preview Content\"";
				DEVELOPMENT_TEAM = CWCBRR328H;
				ENABLE_PREVIEWS = YES;
				GENERATE_INFOPLIST_FILE = YES;
				INFOPLIST_KEY_UIApplicationSceneManifest_Generation = YES;
				INFOPLIST_KEY_UIApplicationSupportsIndirectInputEvents = YES;
				INFOPLIST_KEY_UILaunchScreen_Generation = YES;
				INFOPLIST_KEY_UISupportedInterfaceOrientations_iPad = "UIInterfaceOrientationPortrait UIInterfaceOrientationPortraitUpsideDown UIInterfaceOrientationLandscapeLeft UIInterfaceOrientationLandscapeRight";
				INFOPLIST_KEY_UISupportedInterfaceOrientations_iPhone = "UIInterfaceOrientationPortrait UIInterfaceOrientationLandscapeLeft UIInterfaceOrientationLandscapeRight";
				LD_RUNPATH_SEARCH_PATHS = (
					"$(inherited)",
					"@executable_path/Frameworks",
				);
				MARKETING_VERSION = 1.0;
				PRODUCT_BUNDLE_IDENTIFIER = BJ914.ImagesShapesMedia;
				PRODUCT_NAME = "$(TARGET_NAME)";
				SWIFT_EMIT_LOC_STRINGS = YES;
				SWIFT_VERSION = 5.0;
				TARGETED_DEVICE_FAMILY = "1,2";
			};
			name = Debug;
		};
		41F653B82AB5183800DFB929 /* Release */ = {
			isa = XCBuildConfiguration;
			buildSettings = {
				ASSETCATALOG_COMPILER_APPICON_NAME = AppIcon;
				ASSETCATALOG_COMPILER_GLOBAL_ACCENT_COLOR_NAME = AccentColor;
				CODE_SIGN_STYLE = Automatic;
				CURRENT_PROJECT_VERSION = 1;
				DEVELOPMENT_ASSET_PATHS = "\"ImagesShapesMedia/Preview Content\"";
				DEVELOPMENT_TEAM = CWCBRR328H;
				ENABLE_PREVIEWS = YES;
				GENERATE_INFOPLIST_FILE = YES;
				INFOPLIST_KEY_UIApplicationSceneManifest_Generation = YES;
				INFOPLIST_KEY_UIApplicationSupportsIndirectInputEvents = YES;
				INFOPLIST_KEY_UILaunchScreen_Generation = YES;
				INFOPLIST_KEY_UISupportedInterfaceOrientations_iPad = "UIInterfaceOrientationPortrait UIInterfaceOrientationPortraitUpsideDown UIInterfaceOrientationLandscapeLeft UIInterfaceOrientationLandscapeRight";
				INFOPLIST_KEY_UISupportedInterfaceOrientations_iPhone = "UIInterfaceOrientationPortrait UIInterfaceOrientationLandscapeLeft UIInterfaceOrientationLandscapeRight";
				LD_RUNPATH_SEARCH_PATHS = (
					"$(inherited)",
					"@executable_path/Frameworks",
				);
				MARKETING_VERSION = 1.0;
				PRODUCT_BUNDLE_IDENTIFIER = BJ914.ImagesShapesMedia;
				PRODUCT_NAME = "$(TARGET_NAME)";
				SWIFT_EMIT_LOC_STRINGS = YES;
				SWIFT_VERSION = 5.0;
				TARGETED_DEVICE_FAMILY = "1,2";
			};
			name = Release;
		};
/* End XCBuildConfiguration section */

/* Begin XCConfigurationList section */
		41F653A32AB5183700DFB929 /* Build configuration list for PBXProject "ImagesShapesMedia" */ = {
			isa = XCConfigurationList;
			buildConfigurations = (
				41F653B42AB5183800DFB929 /* Debug */,
				41F653B52AB5183800DFB929 /* Release */,
			);
			defaultConfigurationIsVisible = 0;
			defaultConfigurationName = Release;
		};
		41F653B62AB5183800DFB929 /* Build configuration list for PBXNativeTarget "ImagesShapesMedia" */ = {
			isa = XCConfigurationList;
			buildConfigurations = (
				41F653B72AB5183800DFB929 /* Debug */,
				41F653B82AB5183800DFB929 /* Release */,
			);
			defaultConfigurationIsVisible = 0;
			defaultConfigurationName = Release;
		};
/* End XCConfigurationList section */
	};
	rootObject = 41F653A02AB5183700DFB929 /* Project object */;
}
